// !$*UTF8*$!
{
	archiveVersion = 1;
	classes = {
	};
	objectVersion = 56;
	objects = {

/* Begin PBXBuildFile section */
		15C52DCB2ACB9E8600C865BD /* AppDelegate.swift in Sources */ = {isa = PBXBuildFile; fileRef = 15C52DCA2ACB9E8600C865BD /* AppDelegate.swift */; };
		15C52DCD2ACB9E8600C865BD /* SceneDelegate.swift in Sources */ = {isa = PBXBuildFile; fileRef = 15C52DCC2ACB9E8600C865BD /* SceneDelegate.swift */; };
		15C52DCF2ACB9E8600C865BD /* ViewController.swift in Sources */ = {isa = PBXBuildFile; fileRef = 15C52DCE2ACB9E8600C865BD /* ViewController.swift */; };
		15C52DD22ACB9E8600C865BD /* Main.storyboard in Resources */ = {isa = PBXBuildFile; fileRef = 15C52DD02ACB9E8600C865BD /* Main.storyboard */; };
		15C52DD42ACB9E8800C865BD /* Assets.xcassets in Resources */ = {isa = PBXBuildFile; fileRef = 15C52DD32ACB9E8800C865BD /* Assets.xcassets */; };
		15C52DD72ACB9E8800C865BD /* LaunchScreen.storyboard in Resources */ = {isa = PBXBuildFile; fileRef = 15C52DD52ACB9E8800C865BD /* LaunchScreen.storyboard */; };
		15C52DEA2ACBDB9300C865BD /* MainScreenView.swift in Sources */ = {isa = PBXBuildFile; fileRef = 15C52DE92ACBDB9300C865BD /* MainScreenView.swift */; };
		15C52DEC2ACBDBF600C865BD /* TableViewContactCell.swift in Sources */ = {isa = PBXBuildFile; fileRef = 15C52DEB2ACBDBF600C865BD /* TableViewContactCell.swift */; };
		15C52DEE2ACBDC3B00C865BD /* Contact.swift in Sources */ = {isa = PBXBuildFile; fileRef = 15C52DED2ACBDC3B00C865BD /* Contact.swift */; };
		15C52DF22ACBDF8A00C865BD /* AddContactView.swift in Sources */ = {isa = PBXBuildFile; fileRef = 15C52DF12ACBDF8A00C865BD /* AddContactView.swift */; };
		15C52DF42ACBDFBA00C865BD /* AddContactViewController.swift in Sources */ = {isa = PBXBuildFile; fileRef = 15C52DF32ACBDFBA00C865BD /* AddContactViewController.swift */; };
		15C52DF72ACBEA3000C865BD /* Utilities.swift in Sources */ = {isa = PBXBuildFile; fileRef = 15C52DF62ACBEA3000C865BD /* Utilities.swift */; };
		15C52DF92ACCC82300C865BD /* DetailScreenViewController.swift in Sources */ = {isa = PBXBuildFile; fileRef = 15C52DF82ACCC82300C865BD /* DetailScreenViewController.swift */; };
		15C52DFB2ACCC84400C865BD /* DetailScreenView.swift in Sources */ = {isa = PBXBuildFile; fileRef = 15C52DFA2ACCC84400C865BD /* DetailScreenView.swift */; };
/* End PBXBuildFile section */

/* Begin PBXFileReference section */
		15C52DC72ACB9E8600C865BD /* WA4_Liu_8556.app */ = {isa = PBXFileReference; explicitFileType = wrapper.application; includeInIndex = 0; path = WA4_Liu_8556.app; sourceTree = BUILT_PRODUCTS_DIR; };
		15C52DCA2ACB9E8600C865BD /* AppDelegate.swift */ = {isa = PBXFileReference; lastKnownFileType = sourcecode.swift; path = AppDelegate.swift; sourceTree = "<group>"; };
		15C52DCC2ACB9E8600C865BD /* SceneDelegate.swift */ = {isa = PBXFileReference; lastKnownFileType = sourcecode.swift; path = SceneDelegate.swift; sourceTree = "<group>"; };
		15C52DCE2ACB9E8600C865BD /* ViewController.swift */ = {isa = PBXFileReference; lastKnownFileType = sourcecode.swift; path = ViewController.swift; sourceTree = "<group>"; };
		15C52DD12ACB9E8600C865BD /* Base */ = {isa = PBXFileReference; lastKnownFileType = file.storyboard; name = Base; path = Base.lproj/Main.storyboard; sourceTree = "<group>"; };
		15C52DD32ACB9E8800C865BD /* Assets.xcassets */ = {isa = PBXFileReference; lastKnownFileType = folder.assetcatalog; path = Assets.xcassets; sourceTree = "<group>"; };
		15C52DD62ACB9E8800C865BD /* Base */ = {isa = PBXFileReference; lastKnownFileType = file.storyboard; name = Base; path = Base.lproj/LaunchScreen.storyboard; sourceTree = "<group>"; };
		15C52DD82ACB9E8800C865BD /* Info.plist */ = {isa = PBXFileReference; lastKnownFileType = text.plist.xml; path = Info.plist; sourceTree = "<group>"; };
		15C52DE92ACBDB9300C865BD /* MainScreenView.swift */ = {isa = PBXFileReference; lastKnownFileType = sourcecode.swift; path = MainScreenView.swift; sourceTree = "<group>"; };
		15C52DEB2ACBDBF600C865BD /* TableViewContactCell.swift */ = {isa = PBXFileReference; lastKnownFileType = sourcecode.swift; path = TableViewContactCell.swift; sourceTree = "<group>"; };
		15C52DED2ACBDC3B00C865BD /* Contact.swift */ = {isa = PBXFileReference; lastKnownFileType = sourcecode.swift; path = Contact.swift; sourceTree = "<group>"; };
		15C52DF12ACBDF8A00C865BD /* AddContactView.swift */ = {isa = PBXFileReference; lastKnownFileType = sourcecode.swift; path = AddContactView.swift; sourceTree = "<group>"; };
		15C52DF32ACBDFBA00C865BD /* AddContactViewController.swift */ = {isa = PBXFileReference; lastKnownFileType = sourcecode.swift; path = AddContactViewController.swift; sourceTree = "<group>"; };
		15C52DF62ACBEA3000C865BD /* Utilities.swift */ = {isa = PBXFileReference; lastKnownFileType = sourcecode.swift; path = Utilities.swift; sourceTree = "<group>"; };
		15C52DF82ACCC82300C865BD /* DetailScreenViewController.swift */ = {isa = PBXFileReference; lastKnownFileType = sourcecode.swift; path = DetailScreenViewController.swift; sourceTree = "<group>"; };
		15C52DFA2ACCC84400C865BD /* DetailScreenView.swift */ = {isa = PBXFileReference; lastKnownFileType = sourcecode.swift; path = DetailScreenView.swift; sourceTree = "<group>"; };
/* End PBXFileReference section */

/* Begin PBXFrameworksBuildPhase section */
		15C52DC42ACB9E8600C865BD /* Frameworks */ = {
			isa = PBXFrameworksBuildPhase;
			buildActionMask = 2147483647;
			files = (
			);
			runOnlyForDeploymentPostprocessing = 0;
		};
/* End PBXFrameworksBuildPhase section */

/* Begin PBXGroup section */
		15C52DBE2ACB9E8600C865BD = {
			isa = PBXGroup;
			children = (
				15C52DF62ACBEA3000C865BD /* Utilities.swift */,
				15C52DC92ACB9E8600C865BD /* WA4_Liu_8556 */,
				15C52DC82ACB9E8600C865BD /* Products */,
			);
			sourceTree = "<group>";
		};
		15C52DC82ACB9E8600C865BD /* Products */ = {
			isa = PBXGroup;
			children = (
				15C52DC72ACB9E8600C865BD /* WA4_Liu_8556.app */,
			);
			name = Products;
			sourceTree = "<group>";
		};
		15C52DC92ACB9E8600C865BD /* WA4_Liu_8556 */ = {
			isa = PBXGroup;
			children = (
				15C52DCA2ACB9E8600C865BD /* AppDelegate.swift */,
				15C52DCC2ACB9E8600C865BD /* SceneDelegate.swift */,
				15C52DF02ACBDE1100C865BD /* Main Screen */,
				15C52DF52ACBDFC500C865BD /* Add Contact */,
				15C52DFC2ACCC85500C865BD /* Detail Screen */,
				15C52DEF2ACBDDFD00C865BD /* Data models */,
				15C52DD02ACB9E8600C865BD /* Main.storyboard */,
				15C52DD32ACB9E8800C865BD /* Assets.xcassets */,
				15C52DD52ACB9E8800C865BD /* LaunchScreen.storyboard */,
				15C52DD82ACB9E8800C865BD /* Info.plist */,
			);
			path = WA4_Liu_8556;
			sourceTree = "<group>";
		};
		15C52DEF2ACBDDFD00C865BD /* Data models */ = {
			isa = PBXGroup;
			children = (
				15C52DED2ACBDC3B00C865BD /* Contact.swift */,
			);
			path = "Data models";
			sourceTree = "<group>";
		};
		15C52DF02ACBDE1100C865BD /* Main Screen */ = {
			isa = PBXGroup;
			children = (
				15C52DCE2ACB9E8600C865BD /* ViewController.swift */,
				15C52DE92ACBDB9300C865BD /* MainScreenView.swift */,
				15C52DEB2ACBDBF600C865BD /* TableViewContactCell.swift */,
			);
			path = "Main Screen";
			sourceTree = "<group>";
		};
		15C52DF52ACBDFC500C865BD /* Add Contact */ = {
			isa = PBXGroup;
			children = (
				15C52DF12ACBDF8A00C865BD /* AddContactView.swift */,
				15C52DF32ACBDFBA00C865BD /* AddContactViewController.swift */,
			);
			path = "Add Contact";
			sourceTree = "<group>";
		};
		15C52DFC2ACCC85500C865BD /* Detail Screen */ = {
			isa = PBXGroup;
			children = (
				15C52DFA2ACCC84400C865BD /* DetailScreenView.swift */,
				15C52DF82ACCC82300C865BD /* DetailScreenViewController.swift */,
			);
			path = "Detail Screen";
			sourceTree = "<group>";
		};
/* End PBXGroup section */

/* Begin PBXNativeTarget section */
		15C52DC62ACB9E8600C865BD /* WA4_Liu_8556 */ = {
			isa = PBXNativeTarget;
			buildConfigurationList = 15C52DDB2ACB9E8800C865BD /* Build configuration list for PBXNativeTarget "WA4_Liu_8556" */;
			buildPhases = (
				15C52DC32ACB9E8600C865BD /* Sources */,
				15C52DC42ACB9E8600C865BD /* Frameworks */,
				15C52DC52ACB9E8600C865BD /* Resources */,
			);
			buildRules = (
			);
			dependencies = (
			);
			name = WA4_Liu_8556;
			productName = WA4_Liu_8556;
			productReference = 15C52DC72ACB9E8600C865BD /* WA4_Liu_8556.app */;
			productType = "com.apple.product-type.application";
		};
/* End PBXNativeTarget section */

/* Begin PBXProject section */
		15C52DBF2ACB9E8600C865BD /* Project object */ = {
			isa = PBXProject;
			attributes = {
				BuildIndependentTargetsInParallel = 1;
				LastSwiftUpdateCheck = 1500;
				LastUpgradeCheck = 1500;
				TargetAttributes = {
					15C52DC62ACB9E8600C865BD = {
						CreatedOnToolsVersion = 15.0;
					};
				};
			};
			buildConfigurationList = 15C52DC22ACB9E8600C865BD /* Build configuration list for PBXProject "WA4_Liu_8556" */;
			compatibilityVersion = "Xcode 14.0";
			developmentRegion = en;
			hasScannedForEncodings = 0;
			knownRegions = (
				en,
				Base,
			);
			mainGroup = 15C52DBE2ACB9E8600C865BD;
			productRefGroup = 15C52DC82ACB9E8600C865BD /* Products */;
			projectDirPath = "";
			projectRoot = "";
			targets = (
				15C52DC62ACB9E8600C865BD /* WA4_Liu_8556 */,
			);
		};
/* End PBXProject section */

/* Begin PBXResourcesBuildPhase section */
		15C52DC52ACB9E8600C865BD /* Resources */ = {
			isa = PBXResourcesBuildPhase;
			buildActionMask = 2147483647;
			files = (
				15C52DD72ACB9E8800C865BD /* LaunchScreen.storyboard in Resources */,
				15C52DD42ACB9E8800C865BD /* Assets.xcassets in Resources */,
				15C52DD22ACB9E8600C865BD /* Main.storyboard in Resources */,
			);
			runOnlyForDeploymentPostprocessing = 0;
		};
/* End PBXResourcesBuildPhase section */

/* Begin PBXSourcesBuildPhase section */
		15C52DC32ACB9E8600C865BD /* Sources */ = {
			isa = PBXSourcesBuildPhase;
			buildActionMask = 2147483647;
			files = (
				15C52DFB2ACCC84400C865BD /* DetailScreenView.swift in Sources */,
				15C52DF92ACCC82300C865BD /* DetailScreenViewController.swift in Sources */,
				15C52DEE2ACBDC3B00C865BD /* Contact.swift in Sources */,
				15C52DCF2ACB9E8600C865BD /* ViewController.swift in Sources */,
				15C52DCB2ACB9E8600C865BD /* AppDelegate.swift in Sources */,
				15C52DEC2ACBDBF600C865BD /* TableViewContactCell.swift in Sources */,
				15C52DCD2ACB9E8600C865BD /* SceneDelegate.swift in Sources */,
				15C52DF42ACBDFBA00C865BD /* AddContactViewController.swift in Sources */,
				15C52DF72ACBEA3000C865BD /* Utilities.swift in Sources */,
				15C52DF22ACBDF8A00C865BD /* AddContactView.swift in Sources */,
				15C52DEA2ACBDB9300C865BD /* MainScreenView.swift in Sources */,
			);
			runOnlyForDeploymentPostprocessing = 0;
		};
/* End PBXSourcesBuildPhase section */

/* Begin PBXVariantGroup section */
		15C52DD02ACB9E8600C865BD /* Main.storyboard */ = {
			isa = PBXVariantGroup;
			children = (
				15C52DD12ACB9E8600C865BD /* Base */,
			);
			name = Main.storyboard;
			sourceTree = "<group>";
		};
		15C52DD52ACB9E8800C865BD /* LaunchScreen.storyboard */ = {
			isa = PBXVariantGroup;
			children = (
				15C52DD62ACB9E8800C865BD /* Base */,
			);
			name = LaunchScreen.storyboard;
			sourceTree = "<group>";
		};
/* End PBXVariantGroup section */

/* Begin XCBuildConfiguration section */
		15C52DD92ACB9E8800C865BD /* Debug */ = {
			isa = XCBuildConfiguration;
			buildSettings = {
				ALWAYS_SEARCH_USER_PATHS = NO;
				ASSETCATALOG_COMPILER_GENERATE_SWIFT_ASSET_SYMBOL_EXTENSIONS = YES;
				CLANG_ANALYZER_NONNULL = YES;
				CLANG_ANALYZER_NUMBER_OBJECT_CONVERSION = YES_AGGRESSIVE;
				CLANG_CXX_LANGUAGE_STANDARD = "gnu++20";
				CLANG_ENABLE_MODULES = YES;
				CLANG_ENABLE_OBJC_ARC = YES;
				CLANG_ENABLE_OBJC_WEAK = YES;
				CLANG_WARN_BLOCK_CAPTURE_AUTORELEASING = YES;
				CLANG_WARN_BOOL_CONVERSION = YES;
				CLANG_WARN_COMMA = YES;
				CLANG_WARN_CONSTANT_CONVERSION = YES;
				CLANG_WARN_DEPRECATED_OBJC_IMPLEMENTATIONS = YES;
				CLANG_WARN_DIRECT_OBJC_ISA_USAGE = YES_ERROR;
				CLANG_WARN_DOCUMENTATION_COMMENTS = YES;
				CLANG_WARN_EMPTY_BODY = YES;
				CLANG_WARN_ENUM_CONVERSION = YES;
				CLANG_WARN_INFINITE_RECURSION = YES;
				CLANG_WARN_INT_CONVERSION = YES;
				CLANG_WARN_NON_LITERAL_NULL_CONVERSION = YES;
				CLANG_WARN_OBJC_IMPLICIT_RETAIN_SELF = YES;
				CLANG_WARN_OBJC_LITERAL_CONVERSION = YES;
				CLANG_WARN_OBJC_ROOT_CLASS = YES_ERROR;
				CLANG_WARN_QUOTED_INCLUDE_IN_FRAMEWORK_HEADER = YES;
				CLANG_WARN_RANGE_LOOP_ANALYSIS = YES;
				CLANG_WARN_STRICT_PROTOTYPES = YES;
				CLANG_WARN_SUSPICIOUS_MOVE = YES;
				CLANG_WARN_UNGUARDED_AVAILABILITY = YES_AGGRESSIVE;
				CLANG_WARN_UNREACHABLE_CODE = YES;
				CLANG_WARN__DUPLICATE_METHOD_MATCH = YES;
				COPY_PHASE_STRIP = NO;
				DEBUG_INFORMATION_FORMAT = dwarf;
				ENABLE_STRICT_OBJC_MSGSEND = YES;
				ENABLE_TESTABILITY = YES;
				ENABLE_USER_SCRIPT_SANDBOXING = YES;
				GCC_C_LANGUAGE_STANDARD = gnu17;
				GCC_DYNAMIC_NO_PIC = NO;
				GCC_NO_COMMON_BLOCKS = YES;
				GCC_OPTIMIZATION_LEVEL = 0;
				GCC_PREPROCESSOR_DEFINITIONS = (
					"DEBUG=1",
					"$(inherited)",
				);
				GCC_WARN_64_TO_32_BIT_CONVERSION = YES;
				GCC_WARN_ABOUT_RETURN_TYPE = YES_ERROR;
				GCC_WARN_UNDECLARED_SELECTOR = YES;
				GCC_WARN_UNINITIALIZED_AUTOS = YES_AGGRESSIVE;
				GCC_WARN_UNUSED_FUNCTION = YES;
				GCC_WARN_UNUSED_VARIABLE = YES;
				IPHONEOS_DEPLOYMENT_TARGET = 17.0;
				LOCALIZATION_PREFERS_STRING_CATALOGS = YES;
				MTL_ENABLE_DEBUG_INFO = INCLUDE_SOURCE;
				MTL_FAST_MATH = YES;
				ONLY_ACTIVE_ARCH = YES;
				SDKROOT = iphoneos;
				SWIFT_ACTIVE_COMPILATION_CONDITIONS = "DEBUG $(inherited)";
				SWIFT_OPTIMIZATION_LEVEL = "-Onone";
			};
			name = Debug;
		};
		15C52DDA2ACB9E8800C865BD /* Release */ = {
			isa = XCBuildConfiguration;
			buildSettings = {
				ALWAYS_SEARCH_USER_PATHS = NO;
				ASSETCATALOG_COMPILER_GENERATE_SWIFT_ASSET_SYMBOL_EXTENSIONS = YES;
				CLANG_ANALYZER_NONNULL = YES;
				CLANG_ANALYZER_NUMBER_OBJECT_CONVERSION = YES_AGGRESSIVE;
				CLANG_CXX_LANGUAGE_STANDARD = "gnu++20";
				CLANG_ENABLE_MODULES = YES;
				CLANG_ENABLE_OBJC_ARC = YES;
				CLANG_ENABLE_OBJC_WEAK = YES;
				CLANG_WARN_BLOCK_CAPTURE_AUTORELEASING = YES;
				CLANG_WARN_BOOL_CONVERSION = YES;
				CLANG_WARN_COMMA = YES;
				CLANG_WARN_CONSTANT_CONVERSION = YES;
				CLANG_WARN_DEPRECATED_OBJC_IMPLEMENTATIONS = YES;
				CLANG_WARN_DIRECT_OBJC_ISA_USAGE = YES_ERROR;
				CLANG_WARN_DOCUMENTATION_COMMENTS = YES;
				CLANG_WARN_EMPTY_BODY = YES;
				CLANG_WARN_ENUM_CONVERSION = YES;
				CLANG_WARN_INFINITE_RECURSION = YES;
				CLANG_WARN_INT_CONVERSION = YES;
				CLANG_WARN_NON_LITERAL_NULL_CONVERSION = YES;
				CLANG_WARN_OBJC_IMPLICIT_RETAIN_SELF = YES;
				CLANG_WARN_OBJC_LITERAL_CONVERSION = YES;
				CLANG_WARN_OBJC_ROOT_CLASS = YES_ERROR;
				CLANG_WARN_QUOTED_INCLUDE_IN_FRAMEWORK_HEADER = YES;
				CLANG_WARN_RANGE_LOOP_ANALYSIS = YES;
				CLANG_WARN_STRICT_PROTOTYPES = YES;
				CLANG_WARN_SUSPICIOUS_MOVE = YES;
				CLANG_WARN_UNGUARDED_AVAILABILITY = YES_AGGRESSIVE;
				CLANG_WARN_UNREACHABLE_CODE = YES;
				CLANG_WARN__DUPLICATE_METHOD_MATCH = YES;
				COPY_PHASE_STRIP = NO;
				DEBUG_INFORMATION_FORMAT = "dwarf-with-dsym";
				ENABLE_NS_ASSERTIONS = NO;
				ENABLE_STRICT_OBJC_MSGSEND = YES;
				ENABLE_USER_SCRIPT_SANDBOXING = YES;
				GCC_C_LANGUAGE_STANDARD = gnu17;
				GCC_NO_COMMON_BLOCKS = YES;
				GCC_WARN_64_TO_32_BIT_CONVERSION = YES;
				GCC_WARN_ABOUT_RETURN_TYPE = YES_ERROR;
				GCC_WARN_UNDECLARED_SELECTOR = YES;
				GCC_WARN_UNINITIALIZED_AUTOS = YES_AGGRESSIVE;
				GCC_WARN_UNUSED_FUNCTION = YES;
				GCC_WARN_UNUSED_VARIABLE = YES;
				IPHONEOS_DEPLOYMENT_TARGET = 17.0;
				LOCALIZATION_PREFERS_STRING_CATALOGS = YES;
				MTL_ENABLE_DEBUG_INFO = NO;
				MTL_FAST_MATH = YES;
				SDKROOT = iphoneos;
				SWIFT_COMPILATION_MODE = wholemodule;
				VALIDATE_PRODUCT = YES;
			};
			name = Release;
		};
		15C52DDC2ACB9E8800C865BD /* Debug */ = {
			isa = XCBuildConfiguration;
			buildSettings = {
				ASSETCATALOG_COMPILER_APPICON_NAME = AppIcon;
				ASSETCATALOG_COMPILER_GLOBAL_ACCENT_COLOR_NAME = AccentColor;
				CODE_SIGN_STYLE = Automatic;
				CURRENT_PROJECT_VERSION = 1;
				DEVELOPMENT_TEAM = 4NFR429599;
				GENERATE_INFOPLIST_FILE = YES;
				INFOPLIST_FILE = WA4_Liu_8556/Info.plist;
				INFOPLIST_KEY_UIApplicationSupportsIndirectInputEvents = YES;
				INFOPLIST_KEY_UILaunchStoryboardName = LaunchScreen;
				INFOPLIST_KEY_UIMainStoryboardFile = Main;
				INFOPLIST_KEY_UISupportedInterfaceOrientations_iPad = "UIInterfaceOrientationPortrait UIInterfaceOrientationPortraitUpsideDown UIInterfaceOrientationLandscapeLeft UIInterfaceOrientationLandscapeRight";
				INFOPLIST_KEY_UISupportedInterfaceOrientations_iPhone = "UIInterfaceOrientationPortrait UIInterfaceOrientationLandscapeLeft UIInterfaceOrientationLandscapeRight";
				LD_RUNPATH_SEARCH_PATHS = (
					"$(inherited)",
					"@executable_path/Frameworks",
				);
				MARKETING_VERSION = 1.0;
				PRODUCT_BUNDLE_IDENTIFIER = "com.nuios.WA4-Liu-8556";
				PRODUCT_NAME = "$(TARGET_NAME)";
				SWIFT_EMIT_LOC_STRINGS = YES;
				SWIFT_VERSION = 5.0;
				TARGETED_DEVICE_FAMILY = "1,2";
			};
			name = Debug;
		};
		15C52DDD2ACB9E8800C865BD /* Release */ = {
			isa = XCBuildConfiguration;
			buildSettings = {
				ASSETCATALOG_COMPILER_APPICON_NAME = AppIcon;
				ASSETCATALOG_COMPILER_GLOBAL_ACCENT_COLOR_NAME = AccentColor;
				CODE_SIGN_STYLE = Automatic;
				CURRENT_PROJECT_VERSION = 1;
				DEVELOPMENT_TEAM = 4NFR429599;
				GENERATE_INFOPLIST_FILE = YES;
				INFOPLIST_FILE = WA4_Liu_8556/Info.plist;
				INFOPLIST_KEY_UIApplicationSupportsIndirectInputEvents = YES;
				INFOPLIST_KEY_UILaunchStoryboardName = LaunchScreen;
				INFOPLIST_KEY_UIMainStoryboardFile = Main;
				INFOPLIST_KEY_UISupportedInterfaceOrientations_iPad = "UIInterfaceOrientationPortrait UIInterfaceOrientationPortraitUpsideDown UIInterfaceOrientationLandscapeLeft UIInterfaceOrientationLandscapeRight";
				INFOPLIST_KEY_UISupportedInterfaceOrientations_iPhone = "UIInterfaceOrientationPortrait UIInterfaceOrientationLandscapeLeft UIInterfaceOrientationLandscapeRight";
				LD_RUNPATH_SEARCH_PATHS = (
					"$(inherited)",
					"@executable_path/Frameworks",
				);
				MARKETING_VERSION = 1.0;
				PRODUCT_BUNDLE_IDENTIFIER = "com.nuios.WA4-Liu-8556";
				PRODUCT_NAME = "$(TARGET_NAME)";
				SWIFT_EMIT_LOC_STRINGS = YES;
				SWIFT_VERSION = 5.0;
				TARGETED_DEVICE_FAMILY = "1,2";
			};
			name = Release;
		};
/* End XCBuildConfiguration section */

/* Begin XCConfigurationList section */
		15C52DC22ACB9E8600C865BD /* Build configuration list for PBXProject "WA4_Liu_8556" */ = {
			isa = XCConfigurationList;
			buildConfigurations = (
				15C52DD92ACB9E8800C865BD /* Debug */,
				15C52DDA2ACB9E8800C865BD /* Release */,
			);
			defaultConfigurationIsVisible = 0;
			defaultConfigurationName = Release;
		};
		15C52DDB2ACB9E8800C865BD /* Build configuration list for PBXNativeTarget "WA4_Liu_8556" */ = {
			isa = XCConfigurationList;
			buildConfigurations = (
				15C52DDC2ACB9E8800C865BD /* Debug */,
				15C52DDD2ACB9E8800C865BD /* Release */,
			);
			defaultConfigurationIsVisible = 0;
			defaultConfigurationName = Release;
		};
/* End XCConfigurationList section */
	};
	rootObject = 15C52DBF2ACB9E8600C865BD /* Project object */;
}
