// !$*UTF8*$!
{
	archiveVersion = 1;
	classes = {
	};
	objectVersion = 56;
	objects = {

/* Begin PBXBuildFile section */
		1518E6982B094653004A75D5 /* AppDelegate.swift in Sources */ = {isa = PBXBuildFile; fileRef = 1518E6972B094653004A75D5 /* AppDelegate.swift */; };
		1518E69A2B094653004A75D5 /* SceneDelegate.swift in Sources */ = {isa = PBXBuildFile; fileRef = 1518E6992B094653004A75D5 /* SceneDelegate.swift */; };
		1518E69C2B094653004A75D5 /* ViewController.swift in Sources */ = {isa = PBXBuildFile; fileRef = 1518E69B2B094653004A75D5 /* ViewController.swift */; };
		1518E69F2B094653004A75D5 /* Main.storyboard in Resources */ = {isa = PBXBuildFile; fileRef = 1518E69D2B094653004A75D5 /* Main.storyboard */; };
		1518E6A12B094654004A75D5 /* Assets.xcassets in Resources */ = {isa = PBXBuildFile; fileRef = 1518E6A02B094654004A75D5 /* Assets.xcassets */; };
		1518E6A42B094654004A75D5 /* LaunchScreen.storyboard in Resources */ = {isa = PBXBuildFile; fileRef = 1518E6A22B094654004A75D5 /* LaunchScreen.storyboard */; };
		1518E6AF2B0968DC004A75D5 /* FirebaseAnalytics in Frameworks */ = {isa = PBXBuildFile; productRef = 1518E6AE2B0968DC004A75D5 /* FirebaseAnalytics */; };
		1518E6B12B0968DC004A75D5 /* FirebaseAnalyticsOnDeviceConversion in Frameworks */ = {isa = PBXBuildFile; productRef = 1518E6B02B0968DC004A75D5 /* FirebaseAnalyticsOnDeviceConversion */; };
		1518E6B32B0968DC004A75D5 /* FirebaseAnalyticsSwift in Frameworks */ = {isa = PBXBuildFile; productRef = 1518E6B22B0968DC004A75D5 /* FirebaseAnalyticsSwift */; };
		1518E6B52B0968DC004A75D5 /* FirebaseAnalyticsWithoutAdIdSupport in Frameworks */ = {isa = PBXBuildFile; productRef = 1518E6B42B0968DC004A75D5 /* FirebaseAnalyticsWithoutAdIdSupport */; };
		1518E6B72B0968DC004A75D5 /* FirebaseAppCheck in Frameworks */ = {isa = PBXBuildFile; productRef = 1518E6B62B0968DC004A75D5 /* FirebaseAppCheck */; };
		1518E6B92B0968DC004A75D5 /* FirebaseAppDistribution-Beta in Frameworks */ = {isa = PBXBuildFile; productRef = 1518E6B82B0968DC004A75D5 /* FirebaseAppDistribution-Beta */; };
		1518E6BB2B0968DC004A75D5 /* FirebaseAuth in Frameworks */ = {isa = PBXBuildFile; productRef = 1518E6BA2B0968DC004A75D5 /* FirebaseAuth */; };
		1518E6BD2B0968DC004A75D5 /* FirebaseAuthCombine-Community in Frameworks */ = {isa = PBXBuildFile; productRef = 1518E6BC2B0968DC004A75D5 /* FirebaseAuthCombine-Community */; };
		1518E6C12B096A4B004A75D5 /* LoginScreenView.swift in Sources */ = {isa = PBXBuildFile; fileRef = 1518E6C02B096A4B004A75D5 /* LoginScreenView.swift */; };
		1518E6C52B097087004A75D5 /* Configs.swift in Sources */ = {isa = PBXBuildFile; fileRef = 1518E6C42B097087004A75D5 /* Configs.swift */; };
		1518E6CC2B09753E004A75D5 /* House.swift in Sources */ = {isa = PBXBuildFile; fileRef = 1518E6CB2B09753E004A75D5 /* House.swift */; };
		1518E6CE2B097C62004A75D5 /* RightBarButtonManager.swift in Sources */ = {isa = PBXBuildFile; fileRef = 1518E6CD2B097C62004A75D5 /* RightBarButtonManager.swift */; };
		1518E6D12B097E12004A75D5 /* RegisterView.swift in Sources */ = {isa = PBXBuildFile; fileRef = 1518E6D02B097E12004A75D5 /* RegisterView.swift */; };
		1518E6D32B097E30004A75D5 /* RegisterViewController.swift in Sources */ = {isa = PBXBuildFile; fileRef = 1518E6D22B097E30004A75D5 /* RegisterViewController.swift */; };
		1518E6D52B097E6D004A75D5 /* RegisterFirebaseManager.swift in Sources */ = {isa = PBXBuildFile; fileRef = 1518E6D42B097E6D004A75D5 /* RegisterFirebaseManager.swift */; };
		1518E6D72B097EB3004A75D5 /* RegisterProgressIndicatiorManager.swift in Sources */ = {isa = PBXBuildFile; fileRef = 1518E6D62B097EB3004A75D5 /* RegisterProgressIndicatiorManager.swift */; };
		1518E6DA2B097EFB004A75D5 /* ProgressSpinnerViewController.swift in Sources */ = {isa = PBXBuildFile; fileRef = 1518E6D92B097EFB004A75D5 /* ProgressSpinnerViewController.swift */; };
		1518E6DC2B097F1A004A75D5 /* ProgressSpinnerDelegate.swift in Sources */ = {isa = PBXBuildFile; fileRef = 1518E6DB2B097F1A004A75D5 /* ProgressSpinnerDelegate.swift */; };
		1518E6DF2B098509004A75D5 /* FirebaseFirestore in Frameworks */ = {isa = PBXBuildFile; productRef = 1518E6DE2B098509004A75D5 /* FirebaseFirestore */; };
		1518E6E12B0AADA6004A75D5 /* FirebaseFirestoreSwift in Frameworks */ = {isa = PBXBuildFile; productRef = 1518E6E02B0AADA6004A75D5 /* FirebaseFirestoreSwift */; };
		758AA34B2B291FDF00FF60FC /* GoogleService-Info.plist in Resources */ = {isa = PBXBuildFile; fileRef = 758AA34A2B291FDF00FF60FC /* GoogleService-Info.plist */; };
		7594F4A12B1FFC6300C26BF6 /* PostViewController.swift in Sources */ = {isa = PBXBuildFile; fileRef = 7594F4A02B1FFC6300C26BF6 /* PostViewController.swift */; };
		7594F4A32B1FFC7000C26BF6 /* PostView.swift in Sources */ = {isa = PBXBuildFile; fileRef = 7594F4A22B1FFC7000C26BF6 /* PostView.swift */; };
		7594F4AD2B21297A00C26BF6 /* UserManager.swift in Sources */ = {isa = PBXBuildFile; fileRef = 7594F4AC2B21297A00C26BF6 /* UserManager.swift */; };
		B85063E32B0E93DB0030343C /* ShowProfileView.swift in Sources */ = {isa = PBXBuildFile; fileRef = B85063E22B0E93DB0030343C /* ShowProfileView.swift */; };
		B85063E52B0E93F30030343C /* ShowProfileViewController.swift in Sources */ = {isa = PBXBuildFile; fileRef = B85063E42B0E93F30030343C /* ShowProfileViewController.swift */; };
		B85063E72B0EC4AA0030343C /* EditProfileViewController.swift in Sources */ = {isa = PBXBuildFile; fileRef = B85063E62B0EC4AA0030343C /* EditProfileViewController.swift */; };
		B85063E92B0EC4C10030343C /* EditProfileView.swift in Sources */ = {isa = PBXBuildFile; fileRef = B85063E82B0EC4C10030343C /* EditProfileView.swift */; };
		B85063EC2B0ED8650030343C /* HouseListView.swift in Sources */ = {isa = PBXBuildFile; fileRef = B85063EB2B0ED8650030343C /* HouseListView.swift */; };
		B85063EE2B0ED87A0030343C /* HouseListViewController.swift in Sources */ = {isa = PBXBuildFile; fileRef = B85063ED2B0ED87A0030343C /* HouseListViewController.swift */; };
		B85063F02B116DFB0030343C /* FirestoreUtility.swift in Sources */ = {isa = PBXBuildFile; fileRef = B85063EF2B116DFB0030343C /* FirestoreUtility.swift */; };
		B85063F22B1181BB0030343C /* FirebaseAnalytics in Frameworks */ = {isa = PBXBuildFile; productRef = B85063F12B1181BB0030343C /* FirebaseAnalytics */; };
		B85063F42B1181BB0030343C /* FirebaseAnalyticsOnDeviceConversion in Frameworks */ = {isa = PBXBuildFile; productRef = B85063F32B1181BB0030343C /* FirebaseAnalyticsOnDeviceConversion */; };
		B85063F62B1181BC0030343C /* FirebaseAnalyticsSwift in Frameworks */ = {isa = PBXBuildFile; productRef = B85063F52B1181BC0030343C /* FirebaseAnalyticsSwift */; };
		B85063F82B1181BC0030343C /* FirebaseAnalyticsWithoutAdIdSupport in Frameworks */ = {isa = PBXBuildFile; productRef = B85063F72B1181BC0030343C /* FirebaseAnalyticsWithoutAdIdSupport */; };
		B85063FA2B1181BC0030343C /* FirebaseAppCheck in Frameworks */ = {isa = PBXBuildFile; productRef = B85063F92B1181BC0030343C /* FirebaseAppCheck */; };
		B85063FC2B1181BC0030343C /* FirebaseAppDistribution-Beta in Frameworks */ = {isa = PBXBuildFile; productRef = B85063FB2B1181BC0030343C /* FirebaseAppDistribution-Beta */; };
		B85063FE2B1181BC0030343C /* FirebaseAuth in Frameworks */ = {isa = PBXBuildFile; productRef = B85063FD2B1181BC0030343C /* FirebaseAuth */; };
		B85064002B1181BC0030343C /* FirebaseAuthCombine-Community in Frameworks */ = {isa = PBXBuildFile; productRef = B85063FF2B1181BC0030343C /* FirebaseAuthCombine-Community */; };
		B85064022B1181BC0030343C /* FirebaseCrashlytics in Frameworks */ = {isa = PBXBuildFile; productRef = B85064012B1181BC0030343C /* FirebaseCrashlytics */; };
		B85064042B1181BC0030343C /* FirebaseDatabase in Frameworks */ = {isa = PBXBuildFile; productRef = B85064032B1181BC0030343C /* FirebaseDatabase */; };
		B85064062B1181BC0030343C /* FirebaseDatabaseSwift in Frameworks */ = {isa = PBXBuildFile; productRef = B85064052B1181BC0030343C /* FirebaseDatabaseSwift */; };
		B85064082B1181BC0030343C /* FirebaseDynamicLinks in Frameworks */ = {isa = PBXBuildFile; productRef = B85064072B1181BC0030343C /* FirebaseDynamicLinks */; };
		B850640A2B1181BC0030343C /* FirebaseFirestore in Frameworks */ = {isa = PBXBuildFile; productRef = B85064092B1181BC0030343C /* FirebaseFirestore */; };
		B850640C2B1181BC0030343C /* FirebaseFirestoreCombine-Community in Frameworks */ = {isa = PBXBuildFile; productRef = B850640B2B1181BC0030343C /* FirebaseFirestoreCombine-Community */; };
		B850640E2B1181BC0030343C /* FirebaseFirestoreSwift in Frameworks */ = {isa = PBXBuildFile; productRef = B850640D2B1181BC0030343C /* FirebaseFirestoreSwift */; };
		B85064102B1181BC0030343C /* FirebaseFunctions in Frameworks */ = {isa = PBXBuildFile; productRef = B850640F2B1181BC0030343C /* FirebaseFunctions */; };
		B85064122B1181BC0030343C /* FirebaseFunctionsCombine-Community in Frameworks */ = {isa = PBXBuildFile; productRef = B85064112B1181BC0030343C /* FirebaseFunctionsCombine-Community */; };
		B85064142B1181BC0030343C /* FirebaseInAppMessaging-Beta in Frameworks */ = {isa = PBXBuildFile; productRef = B85064132B1181BC0030343C /* FirebaseInAppMessaging-Beta */; };
		B85064162B1181BC0030343C /* FirebaseInAppMessagingSwift-Beta in Frameworks */ = {isa = PBXBuildFile; productRef = B85064152B1181BC0030343C /* FirebaseInAppMessagingSwift-Beta */; };
		B85064182B1181BC0030343C /* FirebaseInstallations in Frameworks */ = {isa = PBXBuildFile; productRef = B85064172B1181BC0030343C /* FirebaseInstallations */; };
		B850641A2B1181BC0030343C /* FirebaseMLModelDownloader in Frameworks */ = {isa = PBXBuildFile; productRef = B85064192B1181BC0030343C /* FirebaseMLModelDownloader */; };
		B850641C2B1181BC0030343C /* FirebaseMessaging in Frameworks */ = {isa = PBXBuildFile; productRef = B850641B2B1181BC0030343C /* FirebaseMessaging */; };
		B850641E2B1181BC0030343C /* FirebasePerformance in Frameworks */ = {isa = PBXBuildFile; productRef = B850641D2B1181BC0030343C /* FirebasePerformance */; };
		B85064202B1181BC0030343C /* FirebaseRemoteConfig in Frameworks */ = {isa = PBXBuildFile; productRef = B850641F2B1181BC0030343C /* FirebaseRemoteConfig */; };
		B85064222B1181BC0030343C /* FirebaseRemoteConfigSwift in Frameworks */ = {isa = PBXBuildFile; productRef = B85064212B1181BC0030343C /* FirebaseRemoteConfigSwift */; };
		B85064242B1181BC0030343C /* FirebaseStorage in Frameworks */ = {isa = PBXBuildFile; productRef = B85064232B1181BC0030343C /* FirebaseStorage */; };
		B85064262B1181BC0030343C /* FirebaseStorageCombine-Community in Frameworks */ = {isa = PBXBuildFile; productRef = B85064252B1181BC0030343C /* FirebaseStorageCombine-Community */; };
		B91B2EE82B285A6C006C84B3 /* EditProfileFireBaseManager.swift in Sources */ = {isa = PBXBuildFile; fileRef = B91B2EE72B285A6C006C84B3 /* EditProfileFireBaseManager.swift */; };
		B95575F82B22AA7E00C9038B /* HouseDetailsViewController.swift in Sources */ = {isa = PBXBuildFile; fileRef = B95575F62B22AA7E00C9038B /* HouseDetailsViewController.swift */; };
		B95575F92B22AA7E00C9038B /* HouseDetailsView.swift in Sources */ = {isa = PBXBuildFile; fileRef = B95575F72B22AA7E00C9038B /* HouseDetailsView.swift */; };
		B95575FE2B22B06F00C9038B /* HouseListTableViewCell.swift in Sources */ = {isa = PBXBuildFile; fileRef = B95575FD2B22B06F00C9038B /* HouseListTableViewCell.swift */; };
		B95576002B22B08400C9038B /* HouseListTableViewManager.swift in Sources */ = {isa = PBXBuildFile; fileRef = B95575FF2B22B08300C9038B /* HouseListTableViewManager.swift */; };
		B95E647B2B2412A5002FB3D6 /* Message.swift in Sources */ = {isa = PBXBuildFile; fileRef = B95E647A2B2412A5002FB3D6 /* Message.swift */; };
		B95E64AC2B26ED07002FB3D6 /* User.swift in Sources */ = {isa = PBXBuildFile; fileRef = B95E64AB2B26ED07002FB3D6 /* User.swift */; };
		B95E64AE2B26ED54002FB3D6 /* HouseListFireBaseManager.swift in Sources */ = {isa = PBXBuildFile; fileRef = B95E64AD2B26ED54002FB3D6 /* HouseListFireBaseManager.swift */; };
		B95E64B02B26EDB9002FB3D6 /* ShowProfileFireBaseManager.swift in Sources */ = {isa = PBXBuildFile; fileRef = B95E64AF2B26EDB9002FB3D6 /* ShowProfileFireBaseManager.swift */; };
		B95E64B82B2804E3002FB3D6 /* ViewControllerNotificationCenterFunctions.swift in Sources */ = {isa = PBXBuildFile; fileRef = B95E64B72B2804E3002FB3D6 /* ViewControllerNotificationCenterFunctions.swift */; };
		B9DE24172B1D44FA00BCC28A /* NotificationNames.swift in Sources */ = {isa = PBXBuildFile; fileRef = B9DE24162B1D44FA00BCC28A /* NotificationNames.swift */; };
		B9DE24192B1D463C00BCC28A /* ChatsView.swift in Sources */ = {isa = PBXBuildFile; fileRef = B9DE24182B1D463C00BCC28A /* ChatsView.swift */; };
		B9DE241B2B1D468600BCC28A /* ChatsViewController.swift in Sources */ = {isa = PBXBuildFile; fileRef = B9DE241A2B1D468600BCC28A /* ChatsViewController.swift */; };
		B9DE241E2B1D4B6800BCC28A /* LoginViewController.swift in Sources */ = {isa = PBXBuildFile; fileRef = B9DE241D2B1D4B6800BCC28A /* LoginViewController.swift */; };
		B9DE24222B1D62A900BCC28A /* StartView.swift in Sources */ = {isa = PBXBuildFile; fileRef = B9DE24212B1D62A900BCC28A /* StartView.swift */; };
		B9DE24242B1D62B800BCC28A /* StartViewController.swift in Sources */ = {isa = PBXBuildFile; fileRef = B9DE24232B1D62B800BCC28A /* StartViewController.swift */; };
		B9E0348A2B2333CC00F49F42 /* ChatsTableViewCell.swift in Sources */ = {isa = PBXBuildFile; fileRef = B9E034892B2333CC00F49F42 /* ChatsTableViewCell.swift */; };
		B9E0348C2B233DE300F49F42 /* ChatsTableViewManager.swift in Sources */ = {isa = PBXBuildFile; fileRef = B9E0348B2B233DE300F49F42 /* ChatsTableViewManager.swift */; };
		B9E0348E2B233E2000F49F42 /* Chat.swift in Sources */ = {isa = PBXBuildFile; fileRef = B9E0348D2B233E2000F49F42 /* Chat.swift */; };
		B9E034962B23C1E700F49F42 /* SelfMessagesTableViewCell.swift in Sources */ = {isa = PBXBuildFile; fileRef = B9E034912B23C1E600F49F42 /* SelfMessagesTableViewCell.swift */; };
		B9E034972B23C1E700F49F42 /* AnotherMessagesTableViewCell.swift in Sources */ = {isa = PBXBuildFile; fileRef = B9E034922B23C1E600F49F42 /* AnotherMessagesTableViewCell.swift */; };
		B9E034982B23C1E700F49F42 /* MessagesViewController.swift in Sources */ = {isa = PBXBuildFile; fileRef = B9E034932B23C1E600F49F42 /* MessagesViewController.swift */; };
		B9E034992B23C1E700F49F42 /* MessagesView.swift in Sources */ = {isa = PBXBuildFile; fileRef = B9E034942B23C1E600F49F42 /* MessagesView.swift */; };
		B9E0349A2B23C1E700F49F42 /* MessagesTableViewManager.swift in Sources */ = {isa = PBXBuildFile; fileRef = B9E034952B23C1E600F49F42 /* MessagesTableViewManager.swift */; };
/* End PBXBuildFile section */

/* Begin PBXFileReference section */
		1518E6942B094653004A75D5 /* SwapStay.app */ = {isa = PBXFileReference; explicitFileType = wrapper.application; includeInIndex = 0; path = SwapStay.app; sourceTree = BUILT_PRODUCTS_DIR; };
		1518E6972B094653004A75D5 /* AppDelegate.swift */ = {isa = PBXFileReference; lastKnownFileType = sourcecode.swift; path = AppDelegate.swift; sourceTree = "<group>"; };
		1518E6992B094653004A75D5 /* SceneDelegate.swift */ = {isa = PBXFileReference; lastKnownFileType = sourcecode.swift; path = SceneDelegate.swift; sourceTree = "<group>"; };
		1518E69B2B094653004A75D5 /* ViewController.swift */ = {isa = PBXFileReference; lastKnownFileType = sourcecode.swift; path = ViewController.swift; sourceTree = "<group>"; };
		1518E69E2B094653004A75D5 /* Base */ = {isa = PBXFileReference; lastKnownFileType = file.storyboard; name = Base; path = Base.lproj/Main.storyboard; sourceTree = "<group>"; };
		1518E6A02B094654004A75D5 /* Assets.xcassets */ = {isa = PBXFileReference; lastKnownFileType = folder.assetcatalog; path = Assets.xcassets; sourceTree = "<group>"; };
		1518E6A32B094654004A75D5 /* Base */ = {isa = PBXFileReference; lastKnownFileType = file.storyboard; name = Base; path = Base.lproj/LaunchScreen.storyboard; sourceTree = "<group>"; };
		1518E6A52B094654004A75D5 /* Info.plist */ = {isa = PBXFileReference; lastKnownFileType = text.plist.xml; path = Info.plist; sourceTree = "<group>"; };
		1518E6C02B096A4B004A75D5 /* LoginScreenView.swift */ = {isa = PBXFileReference; lastKnownFileType = sourcecode.swift; path = LoginScreenView.swift; sourceTree = "<group>"; };
		1518E6C42B097087004A75D5 /* Configs.swift */ = {isa = PBXFileReference; lastKnownFileType = sourcecode.swift; path = Configs.swift; sourceTree = "<group>"; };
		1518E6CB2B09753E004A75D5 /* House.swift */ = {isa = PBXFileReference; lastKnownFileType = sourcecode.swift; path = House.swift; sourceTree = "<group>"; };
		1518E6CD2B097C62004A75D5 /* RightBarButtonManager.swift */ = {isa = PBXFileReference; lastKnownFileType = sourcecode.swift; path = RightBarButtonManager.swift; sourceTree = "<group>"; };
		1518E6D02B097E12004A75D5 /* RegisterView.swift */ = {isa = PBXFileReference; lastKnownFileType = sourcecode.swift; path = RegisterView.swift; sourceTree = "<group>"; };
		1518E6D22B097E30004A75D5 /* RegisterViewController.swift */ = {isa = PBXFileReference; lastKnownFileType = sourcecode.swift; path = RegisterViewController.swift; sourceTree = "<group>"; };
		1518E6D42B097E6D004A75D5 /* RegisterFirebaseManager.swift */ = {isa = PBXFileReference; lastKnownFileType = sourcecode.swift; path = RegisterFirebaseManager.swift; sourceTree = "<group>"; };
		1518E6D62B097EB3004A75D5 /* RegisterProgressIndicatiorManager.swift */ = {isa = PBXFileReference; lastKnownFileType = sourcecode.swift; path = RegisterProgressIndicatiorManager.swift; sourceTree = "<group>"; };
		1518E6D92B097EFB004A75D5 /* ProgressSpinnerViewController.swift */ = {isa = PBXFileReference; lastKnownFileType = sourcecode.swift; path = ProgressSpinnerViewController.swift; sourceTree = "<group>"; };
		1518E6DB2B097F1A004A75D5 /* ProgressSpinnerDelegate.swift */ = {isa = PBXFileReference; lastKnownFileType = sourcecode.swift; path = ProgressSpinnerDelegate.swift; sourceTree = "<group>"; };
		758AA34A2B291FDF00FF60FC /* GoogleService-Info.plist */ = {isa = PBXFileReference; fileEncoding = 4; lastKnownFileType = text.plist.xml; path = "GoogleService-Info.plist"; sourceTree = "<group>"; };
		7594F4A02B1FFC6300C26BF6 /* PostViewController.swift */ = {isa = PBXFileReference; lastKnownFileType = sourcecode.swift; path = PostViewController.swift; sourceTree = "<group>"; };
		7594F4A22B1FFC7000C26BF6 /* PostView.swift */ = {isa = PBXFileReference; lastKnownFileType = sourcecode.swift; path = PostView.swift; sourceTree = "<group>"; };
		7594F4AC2B21297A00C26BF6 /* UserManager.swift */ = {isa = PBXFileReference; lastKnownFileType = sourcecode.swift; path = UserManager.swift; sourceTree = "<group>"; };
		B85063E22B0E93DB0030343C /* ShowProfileView.swift */ = {isa = PBXFileReference; lastKnownFileType = sourcecode.swift; path = ShowProfileView.swift; sourceTree = "<group>"; };
		B85063E42B0E93F30030343C /* ShowProfileViewController.swift */ = {isa = PBXFileReference; lastKnownFileType = sourcecode.swift; path = ShowProfileViewController.swift; sourceTree = "<group>"; };
		B85063E62B0EC4AA0030343C /* EditProfileViewController.swift */ = {isa = PBXFileReference; lastKnownFileType = sourcecode.swift; path = EditProfileViewController.swift; sourceTree = "<group>"; };
		B85063E82B0EC4C10030343C /* EditProfileView.swift */ = {isa = PBXFileReference; lastKnownFileType = sourcecode.swift; path = EditProfileView.swift; sourceTree = "<group>"; };
		B85063EB2B0ED8650030343C /* HouseListView.swift */ = {isa = PBXFileReference; lastKnownFileType = sourcecode.swift; path = HouseListView.swift; sourceTree = "<group>"; };
		B85063ED2B0ED87A0030343C /* HouseListViewController.swift */ = {isa = PBXFileReference; lastKnownFileType = sourcecode.swift; path = HouseListViewController.swift; sourceTree = "<group>"; };
		B85063EF2B116DFB0030343C /* FirestoreUtility.swift */ = {isa = PBXFileReference; lastKnownFileType = sourcecode.swift; path = FirestoreUtility.swift; sourceTree = "<group>"; };
		B91B2EE72B285A6C006C84B3 /* EditProfileFireBaseManager.swift */ = {isa = PBXFileReference; lastKnownFileType = sourcecode.swift; path = EditProfileFireBaseManager.swift; sourceTree = "<group>"; };
		B95575F62B22AA7E00C9038B /* HouseDetailsViewController.swift */ = {isa = PBXFileReference; fileEncoding = 4; lastKnownFileType = sourcecode.swift; path = HouseDetailsViewController.swift; sourceTree = "<group>"; };
		B95575F72B22AA7E00C9038B /* HouseDetailsView.swift */ = {isa = PBXFileReference; fileEncoding = 4; lastKnownFileType = sourcecode.swift; path = HouseDetailsView.swift; sourceTree = "<group>"; };
		B95575FD2B22B06F00C9038B /* HouseListTableViewCell.swift */ = {isa = PBXFileReference; lastKnownFileType = sourcecode.swift; path = HouseListTableViewCell.swift; sourceTree = "<group>"; };
		B95575FF2B22B08300C9038B /* HouseListTableViewManager.swift */ = {isa = PBXFileReference; lastKnownFileType = sourcecode.swift; path = HouseListTableViewManager.swift; sourceTree = "<group>"; };
		B95E647A2B2412A5002FB3D6 /* Message.swift */ = {isa = PBXFileReference; lastKnownFileType = sourcecode.swift; path = Message.swift; sourceTree = "<group>"; };
		B95E64AB2B26ED07002FB3D6 /* User.swift */ = {isa = PBXFileReference; fileEncoding = 4; lastKnownFileType = sourcecode.swift; path = User.swift; sourceTree = "<group>"; };
		B95E64AD2B26ED54002FB3D6 /* HouseListFireBaseManager.swift */ = {isa = PBXFileReference; fileEncoding = 4; lastKnownFileType = sourcecode.swift; path = HouseListFireBaseManager.swift; sourceTree = "<group>"; };
		B95E64AF2B26EDB9002FB3D6 /* ShowProfileFireBaseManager.swift */ = {isa = PBXFileReference; fileEncoding = 4; lastKnownFileType = sourcecode.swift; path = ShowProfileFireBaseManager.swift; sourceTree = "<group>"; };
		B95E64B72B2804E3002FB3D6 /* ViewControllerNotificationCenterFunctions.swift */ = {isa = PBXFileReference; lastKnownFileType = sourcecode.swift; path = ViewControllerNotificationCenterFunctions.swift; sourceTree = "<group>"; };
		B9DE24162B1D44FA00BCC28A /* NotificationNames.swift */ = {isa = PBXFileReference; lastKnownFileType = sourcecode.swift; path = NotificationNames.swift; sourceTree = "<group>"; };
		B9DE24182B1D463C00BCC28A /* ChatsView.swift */ = {isa = PBXFileReference; lastKnownFileType = sourcecode.swift; path = ChatsView.swift; sourceTree = "<group>"; };
		B9DE241A2B1D468600BCC28A /* ChatsViewController.swift */ = {isa = PBXFileReference; lastKnownFileType = sourcecode.swift; path = ChatsViewController.swift; sourceTree = "<group>"; };
		B9DE241D2B1D4B6800BCC28A /* LoginViewController.swift */ = {isa = PBXFileReference; lastKnownFileType = sourcecode.swift; path = LoginViewController.swift; sourceTree = "<group>"; };
		B9DE24212B1D62A900BCC28A /* StartView.swift */ = {isa = PBXFileReference; lastKnownFileType = sourcecode.swift; path = StartView.swift; sourceTree = "<group>"; };
		B9DE24232B1D62B800BCC28A /* StartViewController.swift */ = {isa = PBXFileReference; lastKnownFileType = sourcecode.swift; path = StartViewController.swift; sourceTree = "<group>"; };
		B9E034892B2333CC00F49F42 /* ChatsTableViewCell.swift */ = {isa = PBXFileReference; lastKnownFileType = sourcecode.swift; path = ChatsTableViewCell.swift; sourceTree = "<group>"; };
		B9E0348B2B233DE300F49F42 /* ChatsTableViewManager.swift */ = {isa = PBXFileReference; lastKnownFileType = sourcecode.swift; path = ChatsTableViewManager.swift; sourceTree = "<group>"; };
		B9E0348D2B233E2000F49F42 /* Chat.swift */ = {isa = PBXFileReference; lastKnownFileType = sourcecode.swift; path = Chat.swift; sourceTree = "<group>"; };
		B9E034912B23C1E600F49F42 /* SelfMessagesTableViewCell.swift */ = {isa = PBXFileReference; fileEncoding = 4; lastKnownFileType = sourcecode.swift; path = SelfMessagesTableViewCell.swift; sourceTree = "<group>"; };
		B9E034922B23C1E600F49F42 /* AnotherMessagesTableViewCell.swift */ = {isa = PBXFileReference; fileEncoding = 4; lastKnownFileType = sourcecode.swift; path = AnotherMessagesTableViewCell.swift; sourceTree = "<group>"; };
		B9E034932B23C1E600F49F42 /* MessagesViewController.swift */ = {isa = PBXFileReference; fileEncoding = 4; lastKnownFileType = sourcecode.swift; path = MessagesViewController.swift; sourceTree = "<group>"; };
		B9E034942B23C1E600F49F42 /* MessagesView.swift */ = {isa = PBXFileReference; fileEncoding = 4; lastKnownFileType = sourcecode.swift; path = MessagesView.swift; sourceTree = "<group>"; };
		B9E034952B23C1E600F49F42 /* MessagesTableViewManager.swift */ = {isa = PBXFileReference; fileEncoding = 4; lastKnownFileType = sourcecode.swift; path = MessagesTableViewManager.swift; sourceTree = "<group>"; };
/* End PBXFileReference section */

/* Begin PBXFrameworksBuildPhase section */
		1518E6912B094653004A75D5 /* Frameworks */ = {
			isa = PBXFrameworksBuildPhase;
			buildActionMask = 2147483647;
			files = (
				B850641A2B1181BC0030343C /* FirebaseMLModelDownloader in Frameworks */,
				B85064062B1181BC0030343C /* FirebaseDatabaseSwift in Frameworks */,
				B85064082B1181BC0030343C /* FirebaseDynamicLinks in Frameworks */,
				1518E6B32B0968DC004A75D5 /* FirebaseAnalyticsSwift in Frameworks */,
				B85064002B1181BC0030343C /* FirebaseAuthCombine-Community in Frameworks */,
				1518E6AF2B0968DC004A75D5 /* FirebaseAnalytics in Frameworks */,
				B850640E2B1181BC0030343C /* FirebaseFirestoreSwift in Frameworks */,
				B85063FE2B1181BC0030343C /* FirebaseAuth in Frameworks */,
				1518E6B12B0968DC004A75D5 /* FirebaseAnalyticsOnDeviceConversion in Frameworks */,
				1518E6B72B0968DC004A75D5 /* FirebaseAppCheck in Frameworks */,
				B85064182B1181BC0030343C /* FirebaseInstallations in Frameworks */,
				B850641E2B1181BC0030343C /* FirebasePerformance in Frameworks */,
				B85064102B1181BC0030343C /* FirebaseFunctions in Frameworks */,
				1518E6B52B0968DC004A75D5 /* FirebaseAnalyticsWithoutAdIdSupport in Frameworks */,
				B850640C2B1181BC0030343C /* FirebaseFirestoreCombine-Community in Frameworks */,
				1518E6E12B0AADA6004A75D5 /* FirebaseFirestoreSwift in Frameworks */,
				B85063F22B1181BB0030343C /* FirebaseAnalytics in Frameworks */,
				B85064222B1181BC0030343C /* FirebaseRemoteConfigSwift in Frameworks */,
				B850641C2B1181BC0030343C /* FirebaseMessaging in Frameworks */,
				B85063FC2B1181BC0030343C /* FirebaseAppDistribution-Beta in Frameworks */,
				B85064142B1181BC0030343C /* FirebaseInAppMessaging-Beta in Frameworks */,
				B85064042B1181BC0030343C /* FirebaseDatabase in Frameworks */,
				B85064202B1181BC0030343C /* FirebaseRemoteConfig in Frameworks */,
				B85064262B1181BC0030343C /* FirebaseStorageCombine-Community in Frameworks */,
				B85063F42B1181BB0030343C /* FirebaseAnalyticsOnDeviceConversion in Frameworks */,
				1518E6DF2B098509004A75D5 /* FirebaseFirestore in Frameworks */,
				B850640A2B1181BC0030343C /* FirebaseFirestore in Frameworks */,
				B85064162B1181BC0030343C /* FirebaseInAppMessagingSwift-Beta in Frameworks */,
				B85063F62B1181BC0030343C /* FirebaseAnalyticsSwift in Frameworks */,
				B85064122B1181BC0030343C /* FirebaseFunctionsCombine-Community in Frameworks */,
				B85064242B1181BC0030343C /* FirebaseStorage in Frameworks */,
				1518E6BB2B0968DC004A75D5 /* FirebaseAuth in Frameworks */,
				B85064022B1181BC0030343C /* FirebaseCrashlytics in Frameworks */,
				B85063F82B1181BC0030343C /* FirebaseAnalyticsWithoutAdIdSupport in Frameworks */,
				1518E6B92B0968DC004A75D5 /* FirebaseAppDistribution-Beta in Frameworks */,
				B85063FA2B1181BC0030343C /* FirebaseAppCheck in Frameworks */,
				1518E6BD2B0968DC004A75D5 /* FirebaseAuthCombine-Community in Frameworks */,
			);
			runOnlyForDeploymentPostprocessing = 0;
		};
/* End PBXFrameworksBuildPhase section */

/* Begin PBXGroup section */
		1518E68B2B094653004A75D5 = {
			isa = PBXGroup;
			children = (
				1518E6962B094653004A75D5 /* SwapStay */,
				1518E6952B094653004A75D5 /* Products */,
				1518E6DD2B098509004A75D5 /* Frameworks */,
			);
			sourceTree = "<group>";
		};
		1518E6952B094653004A75D5 /* Products */ = {
			isa = PBXGroup;
			children = (
				1518E6942B094653004A75D5 /* SwapStay.app */,
			);
			name = Products;
			sourceTree = "<group>";
		};
		1518E6962B094653004A75D5 /* SwapStay */ = {
			isa = PBXGroup;
			children = (
				1518E6C42B097087004A75D5 /* Configs.swift */,
				B85063EF2B116DFB0030343C /* FirestoreUtility.swift */,
				7594F4AC2B21297A00C26BF6 /* UserManager.swift */,
				B9DE24162B1D44FA00BCC28A /* NotificationNames.swift */,
				1518E6C62B09718D004A75D5 /* Data Models */,
				1518E6D82B097ECE004A75D5 /* Process Indicator */,
				B9E0349B2B23C1EE00F49F42 /* Messages Screen */,
				B9DE241C2B1D468C00BCC28A /* Chats Screen */,
				7594F4A52B1FFC8000C26BF6 /* Post Screen */,
				B95575FA2B22AA8600C9038B /* House Details Screen */,
				B85063EA2B0ED8430030343C /* House List Screen */,
				B85063E12B0E93A90030343C /* Edit Profile Screen */,
				B85063E02B0D9CE30030343C /* Show Profile Screen */,
				1518E6CF2B097DE1004A75D5 /* Register Screen */,
				B9DE24262B1D9C1B00BCC28A /* Login Screen */,
				1518E6BE2B0969F7004A75D5 /* Main Screen */,
				B9DE24252B1D9B6300BCC28A /* Start Screen */,
				1518E6972B094653004A75D5 /* AppDelegate.swift */,
				1518E6992B094653004A75D5 /* SceneDelegate.swift */,
				1518E69D2B094653004A75D5 /* Main.storyboard */,
				1518E6A02B094654004A75D5 /* Assets.xcassets */,
				1518E6A22B094654004A75D5 /* LaunchScreen.storyboard */,
				1518E6A52B094654004A75D5 /* Info.plist */,
				758AA34A2B291FDF00FF60FC /* GoogleService-Info.plist */,
			);
			path = SwapStay;
			sourceTree = "<group>";
		};
		1518E6BE2B0969F7004A75D5 /* Main Screen */ = {
			isa = PBXGroup;
			children = (
				1518E69B2B094653004A75D5 /* ViewController.swift */,
				B95E64B72B2804E3002FB3D6 /* ViewControllerNotificationCenterFunctions.swift */,
				1518E6CD2B097C62004A75D5 /* RightBarButtonManager.swift */,
			);
			path = "Main Screen";
			sourceTree = "<group>";
		};
		1518E6C62B09718D004A75D5 /* Data Models */ = {
			isa = PBXGroup;
			children = (
				B95E64AB2B26ED07002FB3D6 /* User.swift */,
				B9E0348D2B233E2000F49F42 /* Chat.swift */,
				1518E6CB2B09753E004A75D5 /* House.swift */,
				B95E647A2B2412A5002FB3D6 /* Message.swift */,
			);
			path = "Data Models";
			sourceTree = "<group>";
		};
		1518E6CF2B097DE1004A75D5 /* Register Screen */ = {
			isa = PBXGroup;
			children = (
				1518E6D02B097E12004A75D5 /* RegisterView.swift */,
				1518E6D22B097E30004A75D5 /* RegisterViewController.swift */,
				1518E6D42B097E6D004A75D5 /* RegisterFirebaseManager.swift */,
				1518E6D62B097EB3004A75D5 /* RegisterProgressIndicatiorManager.swift */,
			);
			path = "Register Screen";
			sourceTree = "<group>";
		};
		1518E6D82B097ECE004A75D5 /* Process Indicator */ = {
			isa = PBXGroup;
			children = (
				1518E6D92B097EFB004A75D5 /* ProgressSpinnerViewController.swift */,
				1518E6DB2B097F1A004A75D5 /* ProgressSpinnerDelegate.swift */,
			);
			path = "Process Indicator";
			sourceTree = "<group>";
		};
		1518E6DD2B098509004A75D5 /* Frameworks */ = {
			isa = PBXGroup;
			children = (
			);
			name = Frameworks;
			sourceTree = "<group>";
		};
		7594F4A52B1FFC8000C26BF6 /* Post Screen */ = {
			isa = PBXGroup;
			children = (
				7594F4A22B1FFC7000C26BF6 /* PostView.swift */,
				7594F4A02B1FFC6300C26BF6 /* PostViewController.swift */,
			);
			path = "Post Screen";
			sourceTree = "<group>";
		};
		B85063E02B0D9CE30030343C /* Show Profile Screen */ = {
			isa = PBXGroup;
			children = (
				B85063E22B0E93DB0030343C /* ShowProfileView.swift */,
				B95E64AF2B26EDB9002FB3D6 /* ShowProfileFireBaseManager.swift */,
				B85063E42B0E93F30030343C /* ShowProfileViewController.swift */,
			);
			path = "Show Profile Screen";
			sourceTree = "<group>";
		};
		B85063E12B0E93A90030343C /* Edit Profile Screen */ = {
			isa = PBXGroup;
			children = (
				B85063E82B0EC4C10030343C /* EditProfileView.swift */,
				B85063E62B0EC4AA0030343C /* EditProfileViewController.swift */,
				B91B2EE72B285A6C006C84B3 /* EditProfileFireBaseManager.swift */,
			);
			path = "Edit Profile Screen";
			sourceTree = "<group>";
		};
		B85063EA2B0ED8430030343C /* House List Screen */ = {
			isa = PBXGroup;
			children = (
				B95575FD2B22B06F00C9038B /* HouseListTableViewCell.swift */,
				B85063EB2B0ED8650030343C /* HouseListView.swift */,
				B85063ED2B0ED87A0030343C /* HouseListViewController.swift */,
				B95575FF2B22B08300C9038B /* HouseListTableViewManager.swift */,
				B95E64AD2B26ED54002FB3D6 /* HouseListFireBaseManager.swift */,
			);
			path = "House List Screen";
			sourceTree = "<group>";
		};
		B95575FA2B22AA8600C9038B /* House Details Screen */ = {
			isa = PBXGroup;
			children = (
				B95575F72B22AA7E00C9038B /* HouseDetailsView.swift */,
				B95575F62B22AA7E00C9038B /* HouseDetailsViewController.swift */,
			);
			path = "House Details Screen";
			sourceTree = "<group>";
		};
		B9DE241C2B1D468C00BCC28A /* Chats Screen */ = {
			isa = PBXGroup;
			children = (
				B9DE24182B1D463C00BCC28A /* ChatsView.swift */,
				B9DE241A2B1D468600BCC28A /* ChatsViewController.swift */,
				B9E034892B2333CC00F49F42 /* ChatsTableViewCell.swift */,
				B9E0348B2B233DE300F49F42 /* ChatsTableViewManager.swift */,
			);
			path = "Chats Screen";
			sourceTree = "<group>";
		};
		B9DE24252B1D9B6300BCC28A /* Start Screen */ = {
			isa = PBXGroup;
			children = (
				B9DE24212B1D62A900BCC28A /* StartView.swift */,
				B9DE24232B1D62B800BCC28A /* StartViewController.swift */,
			);
			path = "Start Screen";
			sourceTree = "<group>";
		};
		B9DE24262B1D9C1B00BCC28A /* Login Screen */ = {
			isa = PBXGroup;
			children = (
				1518E6C02B096A4B004A75D5 /* LoginScreenView.swift */,
				B9DE241D2B1D4B6800BCC28A /* LoginViewController.swift */,
			);
			path = "Login Screen";
			sourceTree = "<group>";
		};
		B9E0349B2B23C1EE00F49F42 /* Messages Screen */ = {
			isa = PBXGroup;
			children = (
				B9E034942B23C1E600F49F42 /* MessagesView.swift */,
				B9E034932B23C1E600F49F42 /* MessagesViewController.swift */,
				B9E034922B23C1E600F49F42 /* AnotherMessagesTableViewCell.swift */,
				B9E034912B23C1E600F49F42 /* SelfMessagesTableViewCell.swift */,
				B9E034952B23C1E600F49F42 /* MessagesTableViewManager.swift */,
			);
			path = "Messages Screen";
			sourceTree = "<group>";
		};
/* End PBXGroup section */

/* Begin PBXNativeTarget section */
		1518E6932B094653004A75D5 /* SwapStay */ = {
			isa = PBXNativeTarget;
			buildConfigurationList = 1518E6A82B094654004A75D5 /* Build configuration list for PBXNativeTarget "SwapStay" */;
			buildPhases = (
				1518E6902B094653004A75D5 /* Sources */,
				1518E6912B094653004A75D5 /* Frameworks */,
				1518E6922B094653004A75D5 /* Resources */,
			);
			buildRules = (
			);
			dependencies = (
			);
			name = SwapStay;
			packageProductDependencies = (
				1518E6AE2B0968DC004A75D5 /* FirebaseAnalytics */,
				1518E6B02B0968DC004A75D5 /* FirebaseAnalyticsOnDeviceConversion */,
				1518E6B22B0968DC004A75D5 /* FirebaseAnalyticsSwift */,
				1518E6B42B0968DC004A75D5 /* FirebaseAnalyticsWithoutAdIdSupport */,
				1518E6B62B0968DC004A75D5 /* FirebaseAppCheck */,
				1518E6B82B0968DC004A75D5 /* FirebaseAppDistribution-Beta */,
				1518E6BA2B0968DC004A75D5 /* FirebaseAuth */,
				1518E6BC2B0968DC004A75D5 /* FirebaseAuthCombine-Community */,
				1518E6DE2B098509004A75D5 /* FirebaseFirestore */,
				1518E6E02B0AADA6004A75D5 /* FirebaseFirestoreSwift */,
				B85063F12B1181BB0030343C /* FirebaseAnalytics */,
				B85063F32B1181BB0030343C /* FirebaseAnalyticsOnDeviceConversion */,
				B85063F52B1181BC0030343C /* FirebaseAnalyticsSwift */,
				B85063F72B1181BC0030343C /* FirebaseAnalyticsWithoutAdIdSupport */,
				B85063F92B1181BC0030343C /* FirebaseAppCheck */,
				B85063FB2B1181BC0030343C /* FirebaseAppDistribution-Beta */,
				B85063FD2B1181BC0030343C /* FirebaseAuth */,
				B85063FF2B1181BC0030343C /* FirebaseAuthCombine-Community */,
				B85064012B1181BC0030343C /* FirebaseCrashlytics */,
				B85064032B1181BC0030343C /* FirebaseDatabase */,
				B85064052B1181BC0030343C /* FirebaseDatabaseSwift */,
				B85064072B1181BC0030343C /* FirebaseDynamicLinks */,
				B85064092B1181BC0030343C /* FirebaseFirestore */,
				B850640B2B1181BC0030343C /* FirebaseFirestoreCombine-Community */,
				B850640D2B1181BC0030343C /* FirebaseFirestoreSwift */,
				B850640F2B1181BC0030343C /* FirebaseFunctions */,
				B85064112B1181BC0030343C /* FirebaseFunctionsCombine-Community */,
				B85064132B1181BC0030343C /* FirebaseInAppMessaging-Beta */,
				B85064152B1181BC0030343C /* FirebaseInAppMessagingSwift-Beta */,
				B85064172B1181BC0030343C /* FirebaseInstallations */,
				B85064192B1181BC0030343C /* FirebaseMLModelDownloader */,
				B850641B2B1181BC0030343C /* FirebaseMessaging */,
				B850641D2B1181BC0030343C /* FirebasePerformance */,
				B850641F2B1181BC0030343C /* FirebaseRemoteConfig */,
				B85064212B1181BC0030343C /* FirebaseRemoteConfigSwift */,
				B85064232B1181BC0030343C /* FirebaseStorage */,
				B85064252B1181BC0030343C /* FirebaseStorageCombine-Community */,
			);
			productName = SwapStay;
			productReference = 1518E6942B094653004A75D5 /* SwapStay.app */;
			productType = "com.apple.product-type.application";
		};
/* End PBXNativeTarget section */

/* Begin PBXProject section */
		1518E68C2B094653004A75D5 /* Project object */ = {
			isa = PBXProject;
			attributes = {
				BuildIndependentTargetsInParallel = 1;
				LastSwiftUpdateCheck = 1500;
				LastUpgradeCheck = 1500;
				TargetAttributes = {
					1518E6932B094653004A75D5 = {
						CreatedOnToolsVersion = 15.0.1;
					};
				};
			};
			buildConfigurationList = 1518E68F2B094653004A75D5 /* Build configuration list for PBXProject "SwapStay" */;
			compatibilityVersion = "Xcode 14.0";
			developmentRegion = en;
			hasScannedForEncodings = 0;
			knownRegions = (
				en,
				Base,
			);
			mainGroup = 1518E68B2B094653004A75D5;
			packageReferences = (
				1518E6AD2B0968DC004A75D5 /* XCRemoteSwiftPackageReference "firebase-ios-sdk" */,
			);
			productRefGroup = 1518E6952B094653004A75D5 /* Products */;
			projectDirPath = "";
			projectRoot = "";
			targets = (
				1518E6932B094653004A75D5 /* SwapStay */,
			);
		};
/* End PBXProject section */

/* Begin PBXResourcesBuildPhase section */
		1518E6922B094653004A75D5 /* Resources */ = {
			isa = PBXResourcesBuildPhase;
			buildActionMask = 2147483647;
			files = (
				1518E6A42B094654004A75D5 /* LaunchScreen.storyboard in Resources */,
				758AA34B2B291FDF00FF60FC /* GoogleService-Info.plist in Resources */,
				1518E6A12B094654004A75D5 /* Assets.xcassets in Resources */,
				1518E69F2B094653004A75D5 /* Main.storyboard in Resources */,
			);
			runOnlyForDeploymentPostprocessing = 0;
		};
/* End PBXResourcesBuildPhase section */

/* Begin PBXSourcesBuildPhase section */
		1518E6902B094653004A75D5 /* Sources */ = {
			isa = PBXSourcesBuildPhase;
			buildActionMask = 2147483647;
			files = (
				B9DE241E2B1D4B6800BCC28A /* LoginViewController.swift in Sources */,
				B9DE24242B1D62B800BCC28A /* StartViewController.swift in Sources */,
				1518E6D12B097E12004A75D5 /* RegisterView.swift in Sources */,
				1518E69C2B094653004A75D5 /* ViewController.swift in Sources */,
				1518E6D32B097E30004A75D5 /* RegisterViewController.swift in Sources */,
				7594F4AD2B21297A00C26BF6 /* UserManager.swift in Sources */,
				B9E0348A2B2333CC00F49F42 /* ChatsTableViewCell.swift in Sources */,
				B9E034972B23C1E700F49F42 /* AnotherMessagesTableViewCell.swift in Sources */,
				1518E6982B094653004A75D5 /* AppDelegate.swift in Sources */,
				1518E6CC2B09753E004A75D5 /* House.swift in Sources */,
				B95E647B2B2412A5002FB3D6 /* Message.swift in Sources */,
				B85063E72B0EC4AA0030343C /* EditProfileViewController.swift in Sources */,
				B91B2EE82B285A6C006C84B3 /* EditProfileFireBaseManager.swift in Sources */,
				B95575F82B22AA7E00C9038B /* HouseDetailsViewController.swift in Sources */,
				1518E6DC2B097F1A004A75D5 /* ProgressSpinnerDelegate.swift in Sources */,
				1518E69A2B094653004A75D5 /* SceneDelegate.swift in Sources */,
				B95575FE2B22B06F00C9038B /* HouseListTableViewCell.swift in Sources */,
				B85063EC2B0ED8650030343C /* HouseListView.swift in Sources */,
				B9E034962B23C1E700F49F42 /* SelfMessagesTableViewCell.swift in Sources */,
				B85063E92B0EC4C10030343C /* EditProfileView.swift in Sources */,
				B9E0348E2B233E2000F49F42 /* Chat.swift in Sources */,
				1518E6DA2B097EFB004A75D5 /* ProgressSpinnerViewController.swift in Sources */,
				B9DE24172B1D44FA00BCC28A /* NotificationNames.swift in Sources */,
				7594F4A32B1FFC7000C26BF6 /* PostView.swift in Sources */,
				B85063F02B116DFB0030343C /* FirestoreUtility.swift in Sources */,
				B9E0349A2B23C1E700F49F42 /* MessagesTableViewManager.swift in Sources */,
				B95E64AE2B26ED54002FB3D6 /* HouseListFireBaseManager.swift in Sources */,
				B85063EE2B0ED87A0030343C /* HouseListViewController.swift in Sources */,
				1518E6D52B097E6D004A75D5 /* RegisterFirebaseManager.swift in Sources */,
				B9DE24192B1D463C00BCC28A /* ChatsView.swift in Sources */,
				B95576002B22B08400C9038B /* HouseListTableViewManager.swift in Sources */,
				1518E6CE2B097C62004A75D5 /* RightBarButtonManager.swift in Sources */,
				1518E6C12B096A4B004A75D5 /* LoginScreenView.swift in Sources */,
				B85063E52B0E93F30030343C /* ShowProfileViewController.swift in Sources */,
				B9E034982B23C1E700F49F42 /* MessagesViewController.swift in Sources */,
				B85063E32B0E93DB0030343C /* ShowProfileView.swift in Sources */,
				B95E64B02B26EDB9002FB3D6 /* ShowProfileFireBaseManager.swift in Sources */,
				7594F4A12B1FFC6300C26BF6 /* PostViewController.swift in Sources */,
				B9E034992B23C1E700F49F42 /* MessagesView.swift in Sources */,
				B9DE241B2B1D468600BCC28A /* ChatsViewController.swift in Sources */,
				B9DE24222B1D62A900BCC28A /* StartView.swift in Sources */,
				B95575F92B22AA7E00C9038B /* HouseDetailsView.swift in Sources */,
				1518E6D72B097EB3004A75D5 /* RegisterProgressIndicatiorManager.swift in Sources */,
				1518E6C52B097087004A75D5 /* Configs.swift in Sources */,
				B9E0348C2B233DE300F49F42 /* ChatsTableViewManager.swift in Sources */,
				B95E64B82B2804E3002FB3D6 /* ViewControllerNotificationCenterFunctions.swift in Sources */,
				B95E64AC2B26ED07002FB3D6 /* User.swift in Sources */,
			);
			runOnlyForDeploymentPostprocessing = 0;
		};
/* End PBXSourcesBuildPhase section */

/* Begin PBXVariantGroup section */
		1518E69D2B094653004A75D5 /* Main.storyboard */ = {
			isa = PBXVariantGroup;
			children = (
				1518E69E2B094653004A75D5 /* Base */,
			);
			name = Main.storyboard;
			sourceTree = "<group>";
		};
		1518E6A22B094654004A75D5 /* LaunchScreen.storyboard */ = {
			isa = PBXVariantGroup;
			children = (
				1518E6A32B094654004A75D5 /* Base */,
			);
			name = LaunchScreen.storyboard;
			sourceTree = "<group>";
		};
/* End PBXVariantGroup section */

/* Begin XCBuildConfiguration section */
		1518E6A62B094654004A75D5 /* Debug */ = {
			isa = XCBuildConfiguration;
			buildSettings = {
				ALWAYS_SEARCH_USER_PATHS = NO;
				ASSETCATALOG_COMPILER_GENERATE_SWIFT_ASSET_SYMBOL_EXTENSIONS = YES;
				CLANG_ANALYZER_NONNULL = YES;
				CLANG_ANALYZER_NUMBER_OBJECT_CONVERSION = YES_AGGRESSIVE;
				CLANG_CXX_LANGUAGE_STANDARD = "gnu++20";
				CLANG_ENABLE_MODULES = YES;
				CLANG_ENABLE_OBJC_ARC = YES;
				CLANG_ENABLE_OBJC_WEAK = YES;
				CLANG_WARN_BLOCK_CAPTURE_AUTORELEASING = YES;
				CLANG_WARN_BOOL_CONVERSION = YES;
				CLANG_WARN_COMMA = YES;
				CLANG_WARN_CONSTANT_CONVERSION = YES;
				CLANG_WARN_DEPRECATED_OBJC_IMPLEMENTATIONS = YES;
				CLANG_WARN_DIRECT_OBJC_ISA_USAGE = YES_ERROR;
				CLANG_WARN_DOCUMENTATION_COMMENTS = YES;
				CLANG_WARN_EMPTY_BODY = YES;
				CLANG_WARN_ENUM_CONVERSION = YES;
				CLANG_WARN_INFINITE_RECURSION = YES;
				CLANG_WARN_INT_CONVERSION = YES;
				CLANG_WARN_NON_LITERAL_NULL_CONVERSION = YES;
				CLANG_WARN_OBJC_IMPLICIT_RETAIN_SELF = YES;
				CLANG_WARN_OBJC_LITERAL_CONVERSION = YES;
				CLANG_WARN_OBJC_ROOT_CLASS = YES_ERROR;
				CLANG_WARN_QUOTED_INCLUDE_IN_FRAMEWORK_HEADER = YES;
				CLANG_WARN_RANGE_LOOP_ANALYSIS = YES;
				CLANG_WARN_STRICT_PROTOTYPES = YES;
				CLANG_WARN_SUSPICIOUS_MOVE = YES;
				CLANG_WARN_UNGUARDED_AVAILABILITY = YES_AGGRESSIVE;
				CLANG_WARN_UNREACHABLE_CODE = YES;
				CLANG_WARN__DUPLICATE_METHOD_MATCH = YES;
				COPY_PHASE_STRIP = NO;
				DEBUG_INFORMATION_FORMAT = dwarf;
				ENABLE_STRICT_OBJC_MSGSEND = YES;
				ENABLE_TESTABILITY = YES;
				ENABLE_USER_SCRIPT_SANDBOXING = YES;
				GCC_C_LANGUAGE_STANDARD = gnu17;
				GCC_DYNAMIC_NO_PIC = NO;
				GCC_NO_COMMON_BLOCKS = YES;
				GCC_OPTIMIZATION_LEVEL = 0;
				GCC_PREPROCESSOR_DEFINITIONS = (
					"DEBUG=1",
					"$(inherited)",
				);
				GCC_WARN_64_TO_32_BIT_CONVERSION = YES;
				GCC_WARN_ABOUT_RETURN_TYPE = YES_ERROR;
				GCC_WARN_UNDECLARED_SELECTOR = YES;
				GCC_WARN_UNINITIALIZED_AUTOS = YES_AGGRESSIVE;
				GCC_WARN_UNUSED_FUNCTION = YES;
				GCC_WARN_UNUSED_VARIABLE = YES;
				IPHONEOS_DEPLOYMENT_TARGET = 17.0;
				LOCALIZATION_PREFERS_STRING_CATALOGS = YES;
				MTL_ENABLE_DEBUG_INFO = INCLUDE_SOURCE;
				MTL_FAST_MATH = YES;
				ONLY_ACTIVE_ARCH = YES;
				SDKROOT = iphoneos;
				SWIFT_ACTIVE_COMPILATION_CONDITIONS = "DEBUG $(inherited)";
				SWIFT_OPTIMIZATION_LEVEL = "-Onone";
			};
			name = Debug;
		};
		1518E6A72B094654004A75D5 /* Release */ = {
			isa = XCBuildConfiguration;
			buildSettings = {
				ALWAYS_SEARCH_USER_PATHS = NO;
				ASSETCATALOG_COMPILER_GENERATE_SWIFT_ASSET_SYMBOL_EXTENSIONS = YES;
				CLANG_ANALYZER_NONNULL = YES;
				CLANG_ANALYZER_NUMBER_OBJECT_CONVERSION = YES_AGGRESSIVE;
				CLANG_CXX_LANGUAGE_STANDARD = "gnu++20";
				CLANG_ENABLE_MODULES = YES;
				CLANG_ENABLE_OBJC_ARC = YES;
				CLANG_ENABLE_OBJC_WEAK = YES;
				CLANG_WARN_BLOCK_CAPTURE_AUTORELEASING = YES;
				CLANG_WARN_BOOL_CONVERSION = YES;
				CLANG_WARN_COMMA = YES;
				CLANG_WARN_CONSTANT_CONVERSION = YES;
				CLANG_WARN_DEPRECATED_OBJC_IMPLEMENTATIONS = YES;
				CLANG_WARN_DIRECT_OBJC_ISA_USAGE = YES_ERROR;
				CLANG_WARN_DOCUMENTATION_COMMENTS = YES;
				CLANG_WARN_EMPTY_BODY = YES;
				CLANG_WARN_ENUM_CONVERSION = YES;
				CLANG_WARN_INFINITE_RECURSION = YES;
				CLANG_WARN_INT_CONVERSION = YES;
				CLANG_WARN_NON_LITERAL_NULL_CONVERSION = YES;
				CLANG_WARN_OBJC_IMPLICIT_RETAIN_SELF = YES;
				CLANG_WARN_OBJC_LITERAL_CONVERSION = YES;
				CLANG_WARN_OBJC_ROOT_CLASS = YES_ERROR;
				CLANG_WARN_QUOTED_INCLUDE_IN_FRAMEWORK_HEADER = YES;
				CLANG_WARN_RANGE_LOOP_ANALYSIS = YES;
				CLANG_WARN_STRICT_PROTOTYPES = YES;
				CLANG_WARN_SUSPICIOUS_MOVE = YES;
				CLANG_WARN_UNGUARDED_AVAILABILITY = YES_AGGRESSIVE;
				CLANG_WARN_UNREACHABLE_CODE = YES;
				CLANG_WARN__DUPLICATE_METHOD_MATCH = YES;
				COPY_PHASE_STRIP = NO;
				DEBUG_INFORMATION_FORMAT = "dwarf-with-dsym";
				ENABLE_NS_ASSERTIONS = NO;
				ENABLE_STRICT_OBJC_MSGSEND = YES;
				ENABLE_USER_SCRIPT_SANDBOXING = YES;
				GCC_C_LANGUAGE_STANDARD = gnu17;
				GCC_NO_COMMON_BLOCKS = YES;
				GCC_WARN_64_TO_32_BIT_CONVERSION = YES;
				GCC_WARN_ABOUT_RETURN_TYPE = YES_ERROR;
				GCC_WARN_UNDECLARED_SELECTOR = YES;
				GCC_WARN_UNINITIALIZED_AUTOS = YES_AGGRESSIVE;
				GCC_WARN_UNUSED_FUNCTION = YES;
				GCC_WARN_UNUSED_VARIABLE = YES;
				IPHONEOS_DEPLOYMENT_TARGET = 17.0;
				LOCALIZATION_PREFERS_STRING_CATALOGS = YES;
				MTL_ENABLE_DEBUG_INFO = NO;
				MTL_FAST_MATH = YES;
				SDKROOT = iphoneos;
				SWIFT_COMPILATION_MODE = wholemodule;
				VALIDATE_PRODUCT = YES;
			};
			name = Release;
		};
		1518E6A92B094654004A75D5 /* Debug */ = {
			isa = XCBuildConfiguration;
			buildSettings = {
				ASSETCATALOG_COMPILER_APPICON_NAME = AppIcon;
				ASSETCATALOG_COMPILER_GLOBAL_ACCENT_COLOR_NAME = AccentColor;
				CODE_SIGN_STYLE = Automatic;
				CURRENT_PROJECT_VERSION = 1;
				DEVELOPMENT_TEAM = DDV87RB7D8;
				GENERATE_INFOPLIST_FILE = YES;
				INFOPLIST_FILE = SwapStay/Info.plist;
				INFOPLIST_KEY_UIApplicationSupportsIndirectInputEvents = YES;
				INFOPLIST_KEY_UILaunchStoryboardName = LaunchScreen;
				INFOPLIST_KEY_UIMainStoryboardFile = Main;
				INFOPLIST_KEY_UISupportedInterfaceOrientations_iPad = "UIInterfaceOrientationPortrait UIInterfaceOrientationPortraitUpsideDown UIInterfaceOrientationLandscapeLeft UIInterfaceOrientationLandscapeRight";
				INFOPLIST_KEY_UISupportedInterfaceOrientations_iPhone = "UIInterfaceOrientationPortrait UIInterfaceOrientationLandscapeLeft UIInterfaceOrientationLandscapeRight";
				IPHONEOS_DEPLOYMENT_TARGET = 16.2;
				LD_RUNPATH_SEARCH_PATHS = (
					"$(inherited)",
					"@executable_path/Frameworks",
				);
				MARKETING_VERSION = 1.0;
				PRODUCT_BUNDLE_IDENTIFIER = com.nuios.SwapStay;
				PRODUCT_NAME = "$(TARGET_NAME)";
				SWIFT_EMIT_LOC_STRINGS = YES;
				SWIFT_VERSION = 5.0;
				TARGETED_DEVICE_FAMILY = "1,2";
			};
			name = Debug;
		};
		1518E6AA2B094654004A75D5 /* Release */ = {
			isa = XCBuildConfiguration;
			buildSettings = {
				ASSETCATALOG_COMPILER_APPICON_NAME = AppIcon;
				ASSETCATALOG_COMPILER_GLOBAL_ACCENT_COLOR_NAME = AccentColor;
				CODE_SIGN_STYLE = Automatic;
				CURRENT_PROJECT_VERSION = 1;
				DEVELOPMENT_TEAM = DDV87RB7D8;
				GENERATE_INFOPLIST_FILE = YES;
				INFOPLIST_FILE = SwapStay/Info.plist;
				INFOPLIST_KEY_UIApplicationSupportsIndirectInputEvents = YES;
				INFOPLIST_KEY_UILaunchStoryboardName = LaunchScreen;
				INFOPLIST_KEY_UIMainStoryboardFile = Main;
				INFOPLIST_KEY_UISupportedInterfaceOrientations_iPad = "UIInterfaceOrientationPortrait UIInterfaceOrientationPortraitUpsideDown UIInterfaceOrientationLandscapeLeft UIInterfaceOrientationLandscapeRight";
				INFOPLIST_KEY_UISupportedInterfaceOrientations_iPhone = "UIInterfaceOrientationPortrait UIInterfaceOrientationLandscapeLeft UIInterfaceOrientationLandscapeRight";
				IPHONEOS_DEPLOYMENT_TARGET = 16.2;
				LD_RUNPATH_SEARCH_PATHS = (
					"$(inherited)",
					"@executable_path/Frameworks",
				);
				MARKETING_VERSION = 1.0;
				PRODUCT_BUNDLE_IDENTIFIER = com.nuios.SwapStay;
				PRODUCT_NAME = "$(TARGET_NAME)";
				SWIFT_EMIT_LOC_STRINGS = YES;
				SWIFT_VERSION = 5.0;
				TARGETED_DEVICE_FAMILY = "1,2";
			};
			name = Release;
		};
/* End XCBuildConfiguration section */

/* Begin XCConfigurationList section */
		1518E68F2B094653004A75D5 /* Build configuration list for PBXProject "SwapStay" */ = {
			isa = XCConfigurationList;
			buildConfigurations = (
				1518E6A62B094654004A75D5 /* Debug */,
				1518E6A72B094654004A75D5 /* Release */,
			);
			defaultConfigurationIsVisible = 0;
			defaultConfigurationName = Release;
		};
		1518E6A82B094654004A75D5 /* Build configuration list for PBXNativeTarget "SwapStay" */ = {
			isa = XCConfigurationList;
			buildConfigurations = (
				1518E6A92B094654004A75D5 /* Debug */,
				1518E6AA2B094654004A75D5 /* Release */,
			);
			defaultConfigurationIsVisible = 0;
			defaultConfigurationName = Release;
		};
/* End XCConfigurationList section */

/* Begin XCRemoteSwiftPackageReference section */
		1518E6AD2B0968DC004A75D5 /* XCRemoteSwiftPackageReference "firebase-ios-sdk" */ = {
			isa = XCRemoteSwiftPackageReference;
			repositoryURL = "https://github.com/firebase/firebase-ios-sdk";
			requirement = {
				kind = upToNextMajorVersion;
				minimumVersion = 10.18.0;
			};
		};
/* End XCRemoteSwiftPackageReference section */

/* Begin XCSwiftPackageProductDependency section */
		1518E6AE2B0968DC004A75D5 /* FirebaseAnalytics */ = {
			isa = XCSwiftPackageProductDependency;
			package = 1518E6AD2B0968DC004A75D5 /* XCRemoteSwiftPackageReference "firebase-ios-sdk" */;
			productName = FirebaseAnalytics;
		};
		1518E6B02B0968DC004A75D5 /* FirebaseAnalyticsOnDeviceConversion */ = {
			isa = XCSwiftPackageProductDependency;
			package = 1518E6AD2B0968DC004A75D5 /* XCRemoteSwiftPackageReference "firebase-ios-sdk" */;
			productName = FirebaseAnalyticsOnDeviceConversion;
		};
		1518E6B22B0968DC004A75D5 /* FirebaseAnalyticsSwift */ = {
			isa = XCSwiftPackageProductDependency;
			package = 1518E6AD2B0968DC004A75D5 /* XCRemoteSwiftPackageReference "firebase-ios-sdk" */;
			productName = FirebaseAnalyticsSwift;
		};
		1518E6B42B0968DC004A75D5 /* FirebaseAnalyticsWithoutAdIdSupport */ = {
			isa = XCSwiftPackageProductDependency;
			package = 1518E6AD2B0968DC004A75D5 /* XCRemoteSwiftPackageReference "firebase-ios-sdk" */;
			productName = FirebaseAnalyticsWithoutAdIdSupport;
		};
		1518E6B62B0968DC004A75D5 /* FirebaseAppCheck */ = {
			isa = XCSwiftPackageProductDependency;
			package = 1518E6AD2B0968DC004A75D5 /* XCRemoteSwiftPackageReference "firebase-ios-sdk" */;
			productName = FirebaseAppCheck;
		};
		1518E6B82B0968DC004A75D5 /* FirebaseAppDistribution-Beta */ = {
			isa = XCSwiftPackageProductDependency;
			package = 1518E6AD2B0968DC004A75D5 /* XCRemoteSwiftPackageReference "firebase-ios-sdk" */;
			productName = "FirebaseAppDistribution-Beta";
		};
		1518E6BA2B0968DC004A75D5 /* FirebaseAuth */ = {
			isa = XCSwiftPackageProductDependency;
			package = 1518E6AD2B0968DC004A75D5 /* XCRemoteSwiftPackageReference "firebase-ios-sdk" */;
			productName = FirebaseAuth;
		};
		1518E6BC2B0968DC004A75D5 /* FirebaseAuthCombine-Community */ = {
			isa = XCSwiftPackageProductDependency;
			package = 1518E6AD2B0968DC004A75D5 /* XCRemoteSwiftPackageReference "firebase-ios-sdk" */;
			productName = "FirebaseAuthCombine-Community";
		};
		1518E6DE2B098509004A75D5 /* FirebaseFirestore */ = {
			isa = XCSwiftPackageProductDependency;
			package = 1518E6AD2B0968DC004A75D5 /* XCRemoteSwiftPackageReference "firebase-ios-sdk" */;
			productName = FirebaseFirestore;
		};
		1518E6E02B0AADA6004A75D5 /* FirebaseFirestoreSwift */ = {
			isa = XCSwiftPackageProductDependency;
			package = 1518E6AD2B0968DC004A75D5 /* XCRemoteSwiftPackageReference "firebase-ios-sdk" */;
			productName = FirebaseFirestoreSwift;
		};
		B85063F12B1181BB0030343C /* FirebaseAnalytics */ = {
			isa = XCSwiftPackageProductDependency;
			package = 1518E6AD2B0968DC004A75D5 /* XCRemoteSwiftPackageReference "firebase-ios-sdk" */;
			productName = FirebaseAnalytics;
		};
		B85063F32B1181BB0030343C /* FirebaseAnalyticsOnDeviceConversion */ = {
			isa = XCSwiftPackageProductDependency;
			package = 1518E6AD2B0968DC004A75D5 /* XCRemoteSwiftPackageReference "firebase-ios-sdk" */;
			productName = FirebaseAnalyticsOnDeviceConversion;
		};
		B85063F52B1181BC0030343C /* FirebaseAnalyticsSwift */ = {
			isa = XCSwiftPackageProductDependency;
			package = 1518E6AD2B0968DC004A75D5 /* XCRemoteSwiftPackageReference "firebase-ios-sdk" */;
			productName = FirebaseAnalyticsSwift;
		};
		B85063F72B1181BC0030343C /* FirebaseAnalyticsWithoutAdIdSupport */ = {
			isa = XCSwiftPackageProductDependency;
			package = 1518E6AD2B0968DC004A75D5 /* XCRemoteSwiftPackageReference "firebase-ios-sdk" */;
			productName = FirebaseAnalyticsWithoutAdIdSupport;
		};
		B85063F92B1181BC0030343C /* FirebaseAppCheck */ = {
			isa = XCSwiftPackageProductDependency;
			package = 1518E6AD2B0968DC004A75D5 /* XCRemoteSwiftPackageReference "firebase-ios-sdk" */;
			productName = FirebaseAppCheck;
		};
		B85063FB2B1181BC0030343C /* FirebaseAppDistribution-Beta */ = {
			isa = XCSwiftPackageProductDependency;
			package = 1518E6AD2B0968DC004A75D5 /* XCRemoteSwiftPackageReference "firebase-ios-sdk" */;
			productName = "FirebaseAppDistribution-Beta";
		};
		B85063FD2B1181BC0030343C /* FirebaseAuth */ = {
			isa = XCSwiftPackageProductDependency;
			package = 1518E6AD2B0968DC004A75D5 /* XCRemoteSwiftPackageReference "firebase-ios-sdk" */;
			productName = FirebaseAuth;
		};
		B85063FF2B1181BC0030343C /* FirebaseAuthCombine-Community */ = {
			isa = XCSwiftPackageProductDependency;
			package = 1518E6AD2B0968DC004A75D5 /* XCRemoteSwiftPackageReference "firebase-ios-sdk" */;
			productName = "FirebaseAuthCombine-Community";
		};
		B85064012B1181BC0030343C /* FirebaseCrashlytics */ = {
			isa = XCSwiftPackageProductDependency;
			package = 1518E6AD2B0968DC004A75D5 /* XCRemoteSwiftPackageReference "firebase-ios-sdk" */;
			productName = FirebaseCrashlytics;
		};
		B85064032B1181BC0030343C /* FirebaseDatabase */ = {
			isa = XCSwiftPackageProductDependency;
			package = 1518E6AD2B0968DC004A75D5 /* XCRemoteSwiftPackageReference "firebase-ios-sdk" */;
			productName = FirebaseDatabase;
		};
		B85064052B1181BC0030343C /* FirebaseDatabaseSwift */ = {
			isa = XCSwiftPackageProductDependency;
			package = 1518E6AD2B0968DC004A75D5 /* XCRemoteSwiftPackageReference "firebase-ios-sdk" */;
			productName = FirebaseDatabaseSwift;
		};
		B85064072B1181BC0030343C /* FirebaseDynamicLinks */ = {
			isa = XCSwiftPackageProductDependency;
			package = 1518E6AD2B0968DC004A75D5 /* XCRemoteSwiftPackageReference "firebase-ios-sdk" */;
			productName = FirebaseDynamicLinks;
		};
		B85064092B1181BC0030343C /* FirebaseFirestore */ = {
			isa = XCSwiftPackageProductDependency;
			package = 1518E6AD2B0968DC004A75D5 /* XCRemoteSwiftPackageReference "firebase-ios-sdk" */;
			productName = FirebaseFirestore;
		};
		B850640B2B1181BC0030343C /* FirebaseFirestoreCombine-Community */ = {
			isa = XCSwiftPackageProductDependency;
			package = 1518E6AD2B0968DC004A75D5 /* XCRemoteSwiftPackageReference "firebase-ios-sdk" */;
			productName = "FirebaseFirestoreCombine-Community";
		};
		B850640D2B1181BC0030343C /* FirebaseFirestoreSwift */ = {
			isa = XCSwiftPackageProductDependency;
			package = 1518E6AD2B0968DC004A75D5 /* XCRemoteSwiftPackageReference "firebase-ios-sdk" */;
			productName = FirebaseFirestoreSwift;
		};
		B850640F2B1181BC0030343C /* FirebaseFunctions */ = {
			isa = XCSwiftPackageProductDependency;
			package = 1518E6AD2B0968DC004A75D5 /* XCRemoteSwiftPackageReference "firebase-ios-sdk" */;
			productName = FirebaseFunctions;
		};
		B85064112B1181BC0030343C /* FirebaseFunctionsCombine-Community */ = {
			isa = XCSwiftPackageProductDependency;
			package = 1518E6AD2B0968DC004A75D5 /* XCRemoteSwiftPackageReference "firebase-ios-sdk" */;
			productName = "FirebaseFunctionsCombine-Community";
		};
		B85064132B1181BC0030343C /* FirebaseInAppMessaging-Beta */ = {
			isa = XCSwiftPackageProductDependency;
			package = 1518E6AD2B0968DC004A75D5 /* XCRemoteSwiftPackageReference "firebase-ios-sdk" */;
			productName = "FirebaseInAppMessaging-Beta";
		};
		B85064152B1181BC0030343C /* FirebaseInAppMessagingSwift-Beta */ = {
			isa = XCSwiftPackageProductDependency;
			package = 1518E6AD2B0968DC004A75D5 /* XCRemoteSwiftPackageReference "firebase-ios-sdk" */;
			productName = "FirebaseInAppMessagingSwift-Beta";
		};
		B85064172B1181BC0030343C /* FirebaseInstallations */ = {
			isa = XCSwiftPackageProductDependency;
			package = 1518E6AD2B0968DC004A75D5 /* XCRemoteSwiftPackageReference "firebase-ios-sdk" */;
			productName = FirebaseInstallations;
		};
		B85064192B1181BC0030343C /* FirebaseMLModelDownloader */ = {
			isa = XCSwiftPackageProductDependency;
			package = 1518E6AD2B0968DC004A75D5 /* XCRemoteSwiftPackageReference "firebase-ios-sdk" */;
			productName = FirebaseMLModelDownloader;
		};
		B850641B2B1181BC0030343C /* FirebaseMessaging */ = {
			isa = XCSwiftPackageProductDependency;
			package = 1518E6AD2B0968DC004A75D5 /* XCRemoteSwiftPackageReference "firebase-ios-sdk" */;
			productName = FirebaseMessaging;
		};
		B850641D2B1181BC0030343C /* FirebasePerformance */ = {
			isa = XCSwiftPackageProductDependency;
			package = 1518E6AD2B0968DC004A75D5 /* XCRemoteSwiftPackageReference "firebase-ios-sdk" */;
			productName = FirebasePerformance;
		};
		B850641F2B1181BC0030343C /* FirebaseRemoteConfig */ = {
			isa = XCSwiftPackageProductDependency;
			package = 1518E6AD2B0968DC004A75D5 /* XCRemoteSwiftPackageReference "firebase-ios-sdk" */;
			productName = FirebaseRemoteConfig;
		};
		B85064212B1181BC0030343C /* FirebaseRemoteConfigSwift */ = {
			isa = XCSwiftPackageProductDependency;
			package = 1518E6AD2B0968DC004A75D5 /* XCRemoteSwiftPackageReference "firebase-ios-sdk" */;
			productName = FirebaseRemoteConfigSwift;
		};
		B85064232B1181BC0030343C /* FirebaseStorage */ = {
			isa = XCSwiftPackageProductDependency;
			package = 1518E6AD2B0968DC004A75D5 /* XCRemoteSwiftPackageReference "firebase-ios-sdk" */;
			productName = FirebaseStorage;
		};
		B85064252B1181BC0030343C /* FirebaseStorageCombine-Community */ = {
			isa = XCSwiftPackageProductDependency;
			package = 1518E6AD2B0968DC004A75D5 /* XCRemoteSwiftPackageReference "firebase-ios-sdk" */;
			productName = "FirebaseStorageCombine-Community";
		};
/* End XCSwiftPackageProductDependency section */
	};
	rootObject = 1518E68C2B094653004A75D5 /* Project object */;
}
